// !$*UTF8*$!
{
	archiveVersion = 1;
	classes = {
	};
	objectVersion = 56;
	objects = {

/* Begin PBXBuildFile section */
		3741BB1D2CAB8E4C00A4C1D4 /* ShakeDetector.swift in Sources */ = {isa = PBXBuildFile; fileRef = 3741BB1C2CAB8E3B00A4C1D4 /* ShakeDetector.swift */; };
		3781A9A82CA26EA9000E0B86 /* OfferModel.swift in Sources */ = {isa = PBXBuildFile; fileRef = 3781A9A72CA26EA4000E0B86 /* OfferModel.swift */; };
		3781A9AC2CA275E9000E0B86 /* PropertyModel.swift in Sources */ = {isa = PBXBuildFile; fileRef = 3781A9AB2CA275E3000E0B86 /* PropertyModel.swift */; };
		3781A9B02CA3A34A000E0B86 /* FirebaseDynamicLinks in Frameworks */ = {isa = PBXBuildFile; productRef = 3781A9AF2CA3A34A000E0B86 /* FirebaseDynamicLinks */; };
		3781A9B22CA3A34A000E0B86 /* FirebaseFirestore in Frameworks */ = {isa = PBXBuildFile; productRef = 3781A9B12CA3A34A000E0B86 /* FirebaseFirestore */; };
		3781A9B42CA3A34A000E0B86 /* FirebaseFirestoreCombine-Community in Frameworks */ = {isa = PBXBuildFile; productRef = 3781A9B32CA3A34A000E0B86 /* FirebaseFirestoreCombine-Community */; };
		3781A9B62CA3A7F9000E0B86 /* UserModel.swift in Sources */ = {isa = PBXBuildFile; fileRef = 3781A9B52CA3A7F3000E0B86 /* UserModel.swift */; };
		3781A9C12CA3D479000E0B86 /* OfferViewModel.swift in Sources */ = {isa = PBXBuildFile; fileRef = 3781A9C02CA3D46F000E0B86 /* OfferViewModel.swift */; };
		3781D2622CA530AD00C43924 /* OfferDetailViewModel.swift in Sources */ = {isa = PBXBuildFile; fileRef = 3781D2612CA530A300C43924 /* OfferDetailViewModel.swift */; };
		3781D2642CA64C5400C43924 /* OfferRentViewModel.swift in Sources */ = {isa = PBXBuildFile; fileRef = 3781D2632CA64C4B00C43924 /* OfferRentViewModel.swift */; };
		3781D2662CA650D900C43924 /* OfferWithProperty.swift in Sources */ = {isa = PBXBuildFile; fileRef = 3781D2652CA650CC00C43924 /* OfferWithProperty.swift */; };
		3784CC3E2CC3379A00A0B7E9 /* ImageCacheManager.swift in Sources */ = {isa = PBXBuildFile; fileRef = 3784CC3C2CC3379A00A0B7E9 /* ImageCacheManager.swift */; };
		3784CC482CC4B09900A0B7E9 /* NetworkMonitor.swift in Sources */ = {isa = PBXBuildFile; fileRef = 3784CC472CC4B08C00A0B7E9 /* NetworkMonitor.swift */; };
		3784CC4A2CC4B7B100A0B7E9 /* OfferCacheManager.swift in Sources */ = {isa = PBXBuildFile; fileRef = 3784CC492CC4B7AA00A0B7E9 /* OfferCacheManager.swift */; };
		3784CC4D2CD1059200A0B7E9 /* UserDefaultsExtension.swift in Sources */ = {isa = PBXBuildFile; fileRef = 3784CC4C2CD1057A00A0B7E9 /* UserDefaultsExtension.swift */; };
		37A512E52CACD46300B62788 /* UserActions.swift in Sources */ = {isa = PBXBuildFile; fileRef = 37A512E42CACD45D00B62788 /* UserActions.swift */; };
		37A512E72CACD8F500B62788 /* CheckDaysSinceLastContact.swift in Sources */ = {isa = PBXBuildFile; fileRef = 37A512E62CACD8E400B62788 /* CheckDaysSinceLastContact.swift */; };
		37C0E28C2C9E58F500099A90 /* FiltersSearchView.swift in Sources */ = {isa = PBXBuildFile; fileRef = 37C0E28B2C9E58F500099A90 /* FiltersSearchView.swift */; };
		37C0E28F2C9E591F00099A90 /* Heading.swift in Sources */ = {isa = PBXBuildFile; fileRef = 37C0E28E2C9E591F00099A90 /* Heading.swift */; };
		37C0E2942C9E592800099A90 /* MainTabLandlordView.swift in Sources */ = {isa = PBXBuildFile; fileRef = 37C0E2902C9E592800099A90 /* MainTabLandlordView.swift */; };
		37C0E2952C9E592800099A90 /* SearchAndFilterBar.swift in Sources */ = {isa = PBXBuildFile; fileRef = 37C0E2932C9E592800099A90 /* SearchAndFilterBar.swift */; };
		37C0E2962C9E592800099A90 /* OfferImageCarouselView.swift in Sources */ = {isa = PBXBuildFile; fileRef = 37C0E2922C9E592800099A90 /* OfferImageCarouselView.swift */; };
		37C0E2972C9E592800099A90 /* MainTabView.swift in Sources */ = {isa = PBXBuildFile; fileRef = 37C0E2912C9E592800099A90 /* MainTabView.swift */; };
		37C0E29A2C9E596700099A90 /* HomepageView.swift in Sources */ = {isa = PBXBuildFile; fileRef = 37C0E2992C9E596700099A90 /* HomepageView.swift */; };
		37C0E29E2C9E598000099A90 /* CreateMoreButton.swift in Sources */ = {isa = PBXBuildFile; fileRef = 37C0E29C2C9E598000099A90 /* CreateMoreButton.swift */; };
		37C0E29F2C9E598000099A90 /* HomepageRentView.swift in Sources */ = {isa = PBXBuildFile; fileRef = 37C0E29D2C9E598000099A90 /* HomepageRentView.swift */; };
		37C0E2A42C9E59BA00099A90 /* OfferView.swift in Sources */ = {isa = PBXBuildFile; fileRef = 37C0E2A32C9E59BA00099A90 /* OfferView.swift */; };
		37C0E2A52C9E59BA00099A90 /* OfferRentView.swift in Sources */ = {isa = PBXBuildFile; fileRef = 37C0E2A22C9E59BA00099A90 /* OfferRentView.swift */; };
		37C0E2A62C9E59BA00099A90 /* OfferDetailView.swift in Sources */ = {isa = PBXBuildFile; fileRef = 37C0E2A12C9E59BA00099A90 /* OfferDetailView.swift */; };
		37ECCB112CA7D5AD007BBE02 /* UserViewsViewModel.swift in Sources */ = {isa = PBXBuildFile; fileRef = 37ECCB102CA7D597007BBE02 /* UserViewsViewModel.swift */; };
		9C1369652C9E30A10000B55C /* AndletApp.swift in Sources */ = {isa = PBXBuildFile; fileRef = 9C1369642C9E30A10000B55C /* AndletApp.swift */; };
		9C1369672C9E30A10000B55C /* ContentView.swift in Sources */ = {isa = PBXBuildFile; fileRef = 9C1369662C9E30A10000B55C /* ContentView.swift */; };
		9C1369692C9E30A20000B55C /* Assets.xcassets in Resources */ = {isa = PBXBuildFile; fileRef = 9C1369682C9E30A20000B55C /* Assets.xcassets */; };
		9C13696D2C9E30A20000B55C /* Preview Assets.xcassets in Resources */ = {isa = PBXBuildFile; fileRef = 9C13696C2C9E30A20000B55C /* Preview Assets.xcassets */; };
		9C1369772C9E30A20000B55C /* AndletTests.swift in Sources */ = {isa = PBXBuildFile; fileRef = 9C1369762C9E30A20000B55C /* AndletTests.swift */; };
		9C1369812C9E30A20000B55C /* AndletUITests.swift in Sources */ = {isa = PBXBuildFile; fileRef = 9C1369802C9E30A20000B55C /* AndletUITests.swift */; };
		9C1369832C9E30A20000B55C /* AndletUITestsLaunchTests.swift in Sources */ = {isa = PBXBuildFile; fileRef = 9C1369822C9E30A20000B55C /* AndletUITestsLaunchTests.swift */; };
		9C1369B82C9E352F0000B55C /* Montserrat-Italic.ttf in Resources */ = {isa = PBXBuildFile; fileRef = 9C1369AC2C9E352F0000B55C /* Montserrat-Italic.ttf */; };
		9C1369B92C9E352F0000B55C /* LeagueSpartan-Regular.ttf in Resources */ = {isa = PBXBuildFile; fileRef = 9C1369AD2C9E352F0000B55C /* LeagueSpartan-Regular.ttf */; };
		9C1369BA2C9E352F0000B55C /* LeagueSpartan-Light.ttf in Resources */ = {isa = PBXBuildFile; fileRef = 9C1369AE2C9E352F0000B55C /* LeagueSpartan-Light.ttf */; };
		9C1369BB2C9E352F0000B55C /* Montserrat-Regular.ttf in Resources */ = {isa = PBXBuildFile; fileRef = 9C1369AF2C9E352F0000B55C /* Montserrat-Regular.ttf */; };
		9C1369BC2C9E352F0000B55C /* Montserrat-Light.ttf in Resources */ = {isa = PBXBuildFile; fileRef = 9C1369B02C9E352F0000B55C /* Montserrat-Light.ttf */; };
		9C1369BD2C9E352F0000B55C /* Montserrat-Medium.ttf in Resources */ = {isa = PBXBuildFile; fileRef = 9C1369B12C9E352F0000B55C /* Montserrat-Medium.ttf */; };
		9C1369BE2C9E352F0000B55C /* Montserrat-SemiBold.ttf in Resources */ = {isa = PBXBuildFile; fileRef = 9C1369B22C9E352F0000B55C /* Montserrat-SemiBold.ttf */; };
		9C1369BF2C9E352F0000B55C /* LeagueSpartan-ExtraBold.ttf in Resources */ = {isa = PBXBuildFile; fileRef = 9C1369B32C9E352F0000B55C /* LeagueSpartan-ExtraBold.ttf */; };
		9C1369C02C9E352F0000B55C /* LeagueSpartan-Medium.ttf in Resources */ = {isa = PBXBuildFile; fileRef = 9C1369B42C9E352F0000B55C /* LeagueSpartan-Medium.ttf */; };
		9C1369C12C9E352F0000B55C /* LeagueSpartan-ExtraLight.ttf in Resources */ = {isa = PBXBuildFile; fileRef = 9C1369B52C9E352F0000B55C /* LeagueSpartan-ExtraLight.ttf */; };
		9C1369C22C9E352F0000B55C /* LeagueSpartan-SemiBold.ttf in Resources */ = {isa = PBXBuildFile; fileRef = 9C1369B62C9E352F0000B55C /* LeagueSpartan-SemiBold.ttf */; };
		9C1369C32C9E352F0000B55C /* Montserrat-ExtraBold.ttf in Resources */ = {isa = PBXBuildFile; fileRef = 9C1369B72C9E352F0000B55C /* Montserrat-ExtraBold.ttf */; };
		9C1369CB2C9E35BE0000B55C /* CircularArrowButton.swift in Sources */ = {isa = PBXBuildFile; fileRef = 9C1369C52C9E35BE0000B55C /* CircularArrowButton.swift */; };
		9C1369CC2C9E35BE0000B55C /* AuthenticationView.swift in Sources */ = {isa = PBXBuildFile; fileRef = 9C1369C62C9E35BE0000B55C /* AuthenticationView.swift */; };
		9C1369CD2C9E35BE0000B55C /* ProfilePickerView.swift in Sources */ = {isa = PBXBuildFile; fileRef = 9C1369C72C9E35BE0000B55C /* ProfilePickerView.swift */; };
		9C1369CE2C9E35BE0000B55C /* WelcomeIndividualPageView.swift in Sources */ = {isa = PBXBuildFile; fileRef = 9C1369C82C9E35BE0000B55C /* WelcomeIndividualPageView.swift */; };
		9C1369CF2C9E35BE0000B55C /* WelcomePageView.swift in Sources */ = {isa = PBXBuildFile; fileRef = 9C1369C92C9E35BE0000B55C /* WelcomePageView.swift */; };
		9C1369D02C9E35BE0000B55C /* CustomIndicatorView.swift in Sources */ = {isa = PBXBuildFile; fileRef = 9C1369CA2C9E35BE0000B55C /* CustomIndicatorView.swift */; };
		9C1369D52C9E3B3D0000B55C /* ColorExtensions.swift in Sources */ = {isa = PBXBuildFile; fileRef = 9C1369D42C9E3B3D0000B55C /* ColorExtensions.swift */; };
		9C1369D92C9E3F200000B55C /* GoogleService-Info.plist in Resources */ = {isa = PBXBuildFile; fileRef = 9C1369D82C9E3F200000B55C /* GoogleService-Info.plist */; };
		9C1369DC2C9E3FDF0000B55C /* FirebaseAnalytics in Frameworks */ = {isa = PBXBuildFile; productRef = 9C1369DB2C9E3FDF0000B55C /* FirebaseAnalytics */; };
		9C1369DE2C9E3FDF0000B55C /* FirebaseAuth in Frameworks */ = {isa = PBXBuildFile; productRef = 9C1369DD2C9E3FDF0000B55C /* FirebaseAuth */; };
		9C1369E02C9E3FDF0000B55C /* FirebaseCrashlytics in Frameworks */ = {isa = PBXBuildFile; productRef = 9C1369DF2C9E3FDF0000B55C /* FirebaseCrashlytics */; };
		9C1369E22C9E3FDF0000B55C /* FirebaseDatabase in Frameworks */ = {isa = PBXBuildFile; productRef = 9C1369E12C9E3FDF0000B55C /* FirebaseDatabase */; };
		9C1369E42C9E3FDF0000B55C /* FirebaseStorage in Frameworks */ = {isa = PBXBuildFile; productRef = 9C1369E32C9E3FDF0000B55C /* FirebaseStorage */; };
		9C1369E72C9E41460000B55C /* GoogleSignIn in Frameworks */ = {isa = PBXBuildFile; productRef = 9C1369E62C9E41460000B55C /* GoogleSignIn */; };
		9C1369E92C9E41460000B55C /* GoogleSignInSwift in Frameworks */ = {isa = PBXBuildFile; productRef = 9C1369E82C9E41460000B55C /* GoogleSignInSwift */; };
		9C1369EB2C9E42140000B55C /* AuthenticationResultModel.swift in Sources */ = {isa = PBXBuildFile; fileRef = 9C1369EA2C9E42140000B55C /* AuthenticationResultModel.swift */; };
		9C1369ED2C9E421E0000B55C /* WelcomePageModel.swift in Sources */ = {isa = PBXBuildFile; fileRef = 9C1369EC2C9E421E0000B55C /* WelcomePageModel.swift */; };
		9C1369EF2C9E422C0000B55C /* AuthenticationViewModel.swift in Sources */ = {isa = PBXBuildFile; fileRef = 9C1369EE2C9E422C0000B55C /* AuthenticationViewModel.swift */; };
		9C1369F22C9E487E0000B55C /* Montserrat-ExtraLightItalic.ttf in Resources */ = {isa = PBXBuildFile; fileRef = 9C1369F12C9E487E0000B55C /* Montserrat-ExtraLightItalic.ttf */; };
		9C528C1A2CAB56FB007F6A76 /* Launch Screen.storyboard in Resources */ = {isa = PBXBuildFile; fileRef = 9C528C192CAB56FB007F6A76 /* Launch Screen.storyboard */; };
		9C528C1D2CAB7EDD007F6A76 /* ProfileView.swift in Sources */ = {isa = PBXBuildFile; fileRef = 9C528C1C2CAB7EDD007F6A76 /* ProfileView.swift */; };
		9C528C1F2CACE0B5007F6A76 /* LocationManager.swift in Sources */ = {isa = PBXBuildFile; fileRef = 9C528C1E2CACE0B5007F6A76 /* LocationManager.swift */; };
		A9188B182CBCE144002703D4 /* StringExtensions.swift in Sources */ = {isa = PBXBuildFile; fileRef = A9188B172CBCE144002703D4 /* StringExtensions.swift */; };
		A924F9782CD40CAF00AE2ECB /* CoreData.xcdatamodeld in Sources */ = {isa = PBXBuildFile; fileRef = A924F9762CD40CAF00AE2ECB /* CoreData.xcdatamodeld */; };
		A924F9872CD412C600AE2ECB /* Properties+CoreDataClass.swift in Sources */ = {isa = PBXBuildFile; fileRef = A924F9832CD412C600AE2ECB /* Properties+CoreDataClass.swift */; };
		A924F9882CD412C600AE2ECB /* Properties+CoreDataProperties.swift in Sources */ = {isa = PBXBuildFile; fileRef = A924F9842CD412C600AE2ECB /* Properties+CoreDataProperties.swift */; };
		A924F9892CD412C600AE2ECB /* Offers+CoreDataClass.swift in Sources */ = {isa = PBXBuildFile; fileRef = A924F9852CD412C600AE2ECB /* Offers+CoreDataClass.swift */; };
		A924F98A2CD412C600AE2ECB /* Offers+CoreDataProperties.swift in Sources */ = {isa = PBXBuildFile; fileRef = A924F9862CD412C600AE2ECB /* Offers+CoreDataProperties.swift */; };
		A968E3CC2C9F92A100EE98F8 /* Step1View.swift in Sources */ = {isa = PBXBuildFile; fileRef = A968E3C82C9F92A100EE98F8 /* Step1View.swift */; };
		A968E3CE2C9F92A100EE98F8 /* Step3View.swift in Sources */ = {isa = PBXBuildFile; fileRef = A968E3CA2C9F92A100EE98F8 /* Step3View.swift */; };
		A968E3CF2C9F92A100EE98F8 /* Step2View.swift in Sources */ = {isa = PBXBuildFile; fileRef = A968E3CB2C9F92A100EE98F8 /* Step2View.swift */; };
		A968E3DC2C9F92CC00EE98F8 /* ImagePicker.swift in Sources */ = {isa = PBXBuildFile; fileRef = A968E3D02C9F92CC00EE98F8 /* ImagePicker.swift */; };
		A968E3DD2C9F92CC00EE98F8 /* LocationInputField.swift in Sources */ = {isa = PBXBuildFile; fileRef = A968E3D12C9F92CC00EE98F8 /* LocationInputField.swift */; };
		A968E3DE2C9F92CC00EE98F8 /* CustomButton.swift in Sources */ = {isa = PBXBuildFile; fileRef = A968E3D22C9F92CC00EE98F8 /* CustomButton.swift */; };
		A968E3E02C9F92CC00EE98F8 /* DateRangePickerView.swift in Sources */ = {isa = PBXBuildFile; fileRef = A968E3D42C9F92CC00EE98F8 /* DateRangePickerView.swift */; };
		A968E3E12C9F92CC00EE98F8 /* HeaderView.swift in Sources */ = {isa = PBXBuildFile; fileRef = A968E3D52C9F92CC00EE98F8 /* HeaderView.swift */; };
		A968E3E22C9F92CC00EE98F8 /* ImagePickerView.swift in Sources */ = {isa = PBXBuildFile; fileRef = A968E3D62C9F92CC00EE98F8 /* ImagePickerView.swift */; };
		A968E3E32C9F92CC00EE98F8 /* CustomTextField.swift in Sources */ = {isa = PBXBuildFile; fileRef = A968E3D72C9F92CC00EE98F8 /* CustomTextField.swift */; };
		A968E3E42C9F92CC00EE98F8 /* IconInputFiled.swift in Sources */ = {isa = PBXBuildFile; fileRef = A968E3D82C9F92CC00EE98F8 /* IconInputFiled.swift */; };
		A968E3E52C9F92CC00EE98F8 /* IncrementDecrementView.swift in Sources */ = {isa = PBXBuildFile; fileRef = A968E3D92C9F92CC00EE98F8 /* IncrementDecrementView.swift */; };
		A968E3E62C9F92CC00EE98F8 /* CustomInputField.swift in Sources */ = {isa = PBXBuildFile; fileRef = A968E3DA2C9F92CC00EE98F8 /* CustomInputField.swift */; };
		A968E3E72C9F92CC00EE98F8 /* SelectableOptionsView.swift in Sources */ = {isa = PBXBuildFile; fileRef = A968E3DB2C9F92CC00EE98F8 /* SelectableOptionsView.swift */; };
		A9DFF6C62CA8F4820063E52C /* MinutesFromCampus.swift in Sources */ = {isa = PBXBuildFile; fileRef = A9DFF6C52CA8F4820063E52C /* MinutesFromCampus.swift */; };
		A9DFF6CA2CA90B380063E52C /* PriceField.swift in Sources */ = {isa = PBXBuildFile; fileRef = A9DFF6C92CA90B380063E52C /* PriceField.swift */; };
		A9DFF6CD2CA9193E0063E52C /* PropertyViewModel.swift in Sources */ = {isa = PBXBuildFile; fileRef = A9DFF6CC2CA9193E0063E52C /* PropertyViewModel.swift */; };
		A9DFF6CF2CA91C7F0063E52C /* PropertyOfferData.swift in Sources */ = {isa = PBXBuildFile; fileRef = A9DFF6CE2CA91C7F0063E52C /* PropertyOfferData.swift */; };
		A9DFF6D22CAA83FD0063E52C /* FilterViewModel.swift in Sources */ = {isa = PBXBuildFile; fileRef = A9DFF6D12CAA83FD0063E52C /* FilterViewModel.swift */; };
		A9DFF6D42CAA85210063E52C /* FilterSearchOptions.swift in Sources */ = {isa = PBXBuildFile; fileRef = A9DFF6D32CAA85210063E52C /* FilterSearchOptions.swift */; };
		A9ED6DB12CAC52700066E3EA /* Extensions.swift in Sources */ = {isa = PBXBuildFile; fileRef = A9ED6DB02CAC52700066E3EA /* Extensions.swift */; };
		A9ED6DB42CAC77AC0066E3EA /* AnalyticsView.swift in Sources */ = {isa = PBXBuildFile; fileRef = A9ED6DB32CAC77AB0066E3EA /* AnalyticsView.swift */; };
/* End PBXBuildFile section */

/* Begin PBXContainerItemProxy section */
		9C1369732C9E30A20000B55C /* PBXContainerItemProxy */ = {
			isa = PBXContainerItemProxy;
			containerPortal = 9C1369592C9E30A10000B55C /* Project object */;
			proxyType = 1;
			remoteGlobalIDString = 9C1369602C9E30A10000B55C;
			remoteInfo = Andlet;
		};
		9C13697D2C9E30A20000B55C /* PBXContainerItemProxy */ = {
			isa = PBXContainerItemProxy;
			containerPortal = 9C1369592C9E30A10000B55C /* Project object */;
			proxyType = 1;
			remoteGlobalIDString = 9C1369602C9E30A10000B55C;
			remoteInfo = Andlet;
		};
/* End PBXContainerItemProxy section */

/* Begin PBXFileReference section */
		3741BB1C2CAB8E3B00A4C1D4 /* ShakeDetector.swift */ = {isa = PBXFileReference; lastKnownFileType = sourcecode.swift; path = ShakeDetector.swift; sourceTree = "<group>"; };
		3781A9A72CA26EA4000E0B86 /* OfferModel.swift */ = {isa = PBXFileReference; lastKnownFileType = sourcecode.swift; path = OfferModel.swift; sourceTree = "<group>"; };
		3781A9AB2CA275E3000E0B86 /* PropertyModel.swift */ = {isa = PBXFileReference; lastKnownFileType = sourcecode.swift; path = PropertyModel.swift; sourceTree = "<group>"; };
		3781A9B52CA3A7F3000E0B86 /* UserModel.swift */ = {isa = PBXFileReference; lastKnownFileType = sourcecode.swift; path = UserModel.swift; sourceTree = "<group>"; };
		3781A9C02CA3D46F000E0B86 /* OfferViewModel.swift */ = {isa = PBXFileReference; lastKnownFileType = sourcecode.swift; path = OfferViewModel.swift; sourceTree = "<group>"; };
		3781D2612CA530A300C43924 /* OfferDetailViewModel.swift */ = {isa = PBXFileReference; lastKnownFileType = sourcecode.swift; path = OfferDetailViewModel.swift; sourceTree = "<group>"; };
		3781D2632CA64C4B00C43924 /* OfferRentViewModel.swift */ = {isa = PBXFileReference; lastKnownFileType = sourcecode.swift; path = OfferRentViewModel.swift; sourceTree = "<group>"; };
		3781D2652CA650CC00C43924 /* OfferWithProperty.swift */ = {isa = PBXFileReference; lastKnownFileType = sourcecode.swift; path = OfferWithProperty.swift; sourceTree = "<group>"; };
		3784CC3C2CC3379A00A0B7E9 /* ImageCacheManager.swift */ = {isa = PBXFileReference; lastKnownFileType = sourcecode.swift; path = ImageCacheManager.swift; sourceTree = "<group>"; };
		3784CC472CC4B08C00A0B7E9 /* NetworkMonitor.swift */ = {isa = PBXFileReference; lastKnownFileType = sourcecode.swift; path = NetworkMonitor.swift; sourceTree = "<group>"; };
		3784CC492CC4B7AA00A0B7E9 /* OfferCacheManager.swift */ = {isa = PBXFileReference; lastKnownFileType = sourcecode.swift; path = OfferCacheManager.swift; sourceTree = "<group>"; };
		3784CC4C2CD1057A00A0B7E9 /* UserDefaultsExtension.swift */ = {isa = PBXFileReference; lastKnownFileType = sourcecode.swift; path = UserDefaultsExtension.swift; sourceTree = "<group>"; };
		37A512E42CACD45D00B62788 /* UserActions.swift */ = {isa = PBXFileReference; lastKnownFileType = sourcecode.swift; path = UserActions.swift; sourceTree = "<group>"; };
		37A512E62CACD8E400B62788 /* CheckDaysSinceLastContact.swift */ = {isa = PBXFileReference; lastKnownFileType = sourcecode.swift; path = CheckDaysSinceLastContact.swift; sourceTree = "<group>"; };
		37C0E28B2C9E58F500099A90 /* FiltersSearchView.swift */ = {isa = PBXFileReference; lastKnownFileType = sourcecode.swift; path = FiltersSearchView.swift; sourceTree = "<group>"; };
		37C0E28E2C9E591F00099A90 /* Heading.swift */ = {isa = PBXFileReference; lastKnownFileType = sourcecode.swift; path = Heading.swift; sourceTree = "<group>"; };
		37C0E2902C9E592800099A90 /* MainTabLandlordView.swift */ = {isa = PBXFileReference; lastKnownFileType = sourcecode.swift; path = MainTabLandlordView.swift; sourceTree = "<group>"; };
		37C0E2912C9E592800099A90 /* MainTabView.swift */ = {isa = PBXFileReference; lastKnownFileType = sourcecode.swift; path = MainTabView.swift; sourceTree = "<group>"; };
		37C0E2922C9E592800099A90 /* OfferImageCarouselView.swift */ = {isa = PBXFileReference; lastKnownFileType = sourcecode.swift; path = OfferImageCarouselView.swift; sourceTree = "<group>"; };
		37C0E2932C9E592800099A90 /* SearchAndFilterBar.swift */ = {isa = PBXFileReference; lastKnownFileType = sourcecode.swift; path = SearchAndFilterBar.swift; sourceTree = "<group>"; };
		37C0E2992C9E596700099A90 /* HomepageView.swift */ = {isa = PBXFileReference; lastKnownFileType = sourcecode.swift; path = HomepageView.swift; sourceTree = "<group>"; };
		37C0E29C2C9E598000099A90 /* CreateMoreButton.swift */ = {isa = PBXFileReference; lastKnownFileType = sourcecode.swift; path = CreateMoreButton.swift; sourceTree = "<group>"; };
		37C0E29D2C9E598000099A90 /* HomepageRentView.swift */ = {isa = PBXFileReference; lastKnownFileType = sourcecode.swift; path = HomepageRentView.swift; sourceTree = "<group>"; };
		37C0E2A12C9E59BA00099A90 /* OfferDetailView.swift */ = {isa = PBXFileReference; lastKnownFileType = sourcecode.swift; path = OfferDetailView.swift; sourceTree = "<group>"; };
		37C0E2A22C9E59BA00099A90 /* OfferRentView.swift */ = {isa = PBXFileReference; lastKnownFileType = sourcecode.swift; path = OfferRentView.swift; sourceTree = "<group>"; };
		37C0E2A32C9E59BA00099A90 /* OfferView.swift */ = {isa = PBXFileReference; lastKnownFileType = sourcecode.swift; path = OfferView.swift; sourceTree = "<group>"; };
		37ECCB102CA7D597007BBE02 /* UserViewsViewModel.swift */ = {isa = PBXFileReference; lastKnownFileType = sourcecode.swift; path = UserViewsViewModel.swift; sourceTree = "<group>"; };
		9C1369612C9E30A10000B55C /* Andlet.app */ = {isa = PBXFileReference; explicitFileType = wrapper.application; includeInIndex = 0; path = Andlet.app; sourceTree = BUILT_PRODUCTS_DIR; };
		9C1369642C9E30A10000B55C /* AndletApp.swift */ = {isa = PBXFileReference; lastKnownFileType = sourcecode.swift; path = AndletApp.swift; sourceTree = "<group>"; };
		9C1369662C9E30A10000B55C /* ContentView.swift */ = {isa = PBXFileReference; lastKnownFileType = sourcecode.swift; path = ContentView.swift; sourceTree = "<group>"; };
		9C1369682C9E30A20000B55C /* Assets.xcassets */ = {isa = PBXFileReference; lastKnownFileType = folder.assetcatalog; path = Assets.xcassets; sourceTree = "<group>"; };
		9C13696A2C9E30A20000B55C /* Andlet.entitlements */ = {isa = PBXFileReference; lastKnownFileType = text.plist.entitlements; path = Andlet.entitlements; sourceTree = "<group>"; };
		9C13696C2C9E30A20000B55C /* Preview Assets.xcassets */ = {isa = PBXFileReference; lastKnownFileType = folder.assetcatalog; path = "Preview Assets.xcassets"; sourceTree = "<group>"; };
		9C1369722C9E30A20000B55C /* AndletTests.xctest */ = {isa = PBXFileReference; explicitFileType = wrapper.cfbundle; includeInIndex = 0; path = AndletTests.xctest; sourceTree = BUILT_PRODUCTS_DIR; };
		9C1369762C9E30A20000B55C /* AndletTests.swift */ = {isa = PBXFileReference; lastKnownFileType = sourcecode.swift; path = AndletTests.swift; sourceTree = "<group>"; };
		9C13697C2C9E30A20000B55C /* AndletUITests.xctest */ = {isa = PBXFileReference; explicitFileType = wrapper.cfbundle; includeInIndex = 0; path = AndletUITests.xctest; sourceTree = BUILT_PRODUCTS_DIR; };
		9C1369802C9E30A20000B55C /* AndletUITests.swift */ = {isa = PBXFileReference; lastKnownFileType = sourcecode.swift; path = AndletUITests.swift; sourceTree = "<group>"; };
		9C1369822C9E30A20000B55C /* AndletUITestsLaunchTests.swift */ = {isa = PBXFileReference; lastKnownFileType = sourcecode.swift; path = AndletUITestsLaunchTests.swift; sourceTree = "<group>"; };
		9C1369AC2C9E352F0000B55C /* Montserrat-Italic.ttf */ = {isa = PBXFileReference; lastKnownFileType = file; path = "Montserrat-Italic.ttf"; sourceTree = "<group>"; };
		9C1369AD2C9E352F0000B55C /* LeagueSpartan-Regular.ttf */ = {isa = PBXFileReference; lastKnownFileType = file; path = "LeagueSpartan-Regular.ttf"; sourceTree = "<group>"; };
		9C1369AE2C9E352F0000B55C /* LeagueSpartan-Light.ttf */ = {isa = PBXFileReference; lastKnownFileType = file; path = "LeagueSpartan-Light.ttf"; sourceTree = "<group>"; };
		9C1369AF2C9E352F0000B55C /* Montserrat-Regular.ttf */ = {isa = PBXFileReference; lastKnownFileType = file; path = "Montserrat-Regular.ttf"; sourceTree = "<group>"; };
		9C1369B02C9E352F0000B55C /* Montserrat-Light.ttf */ = {isa = PBXFileReference; lastKnownFileType = file; path = "Montserrat-Light.ttf"; sourceTree = "<group>"; };
		9C1369B12C9E352F0000B55C /* Montserrat-Medium.ttf */ = {isa = PBXFileReference; lastKnownFileType = file; path = "Montserrat-Medium.ttf"; sourceTree = "<group>"; };
		9C1369B22C9E352F0000B55C /* Montserrat-SemiBold.ttf */ = {isa = PBXFileReference; lastKnownFileType = file; path = "Montserrat-SemiBold.ttf"; sourceTree = "<group>"; };
		9C1369B32C9E352F0000B55C /* LeagueSpartan-ExtraBold.ttf */ = {isa = PBXFileReference; lastKnownFileType = file; path = "LeagueSpartan-ExtraBold.ttf"; sourceTree = "<group>"; };
		9C1369B42C9E352F0000B55C /* LeagueSpartan-Medium.ttf */ = {isa = PBXFileReference; lastKnownFileType = file; path = "LeagueSpartan-Medium.ttf"; sourceTree = "<group>"; };
		9C1369B52C9E352F0000B55C /* LeagueSpartan-ExtraLight.ttf */ = {isa = PBXFileReference; lastKnownFileType = file; path = "LeagueSpartan-ExtraLight.ttf"; sourceTree = "<group>"; };
		9C1369B62C9E352F0000B55C /* LeagueSpartan-SemiBold.ttf */ = {isa = PBXFileReference; lastKnownFileType = file; path = "LeagueSpartan-SemiBold.ttf"; sourceTree = "<group>"; };
		9C1369B72C9E352F0000B55C /* Montserrat-ExtraBold.ttf */ = {isa = PBXFileReference; lastKnownFileType = file; path = "Montserrat-ExtraBold.ttf"; sourceTree = "<group>"; };
		9C1369C52C9E35BE0000B55C /* CircularArrowButton.swift */ = {isa = PBXFileReference; fileEncoding = 4; lastKnownFileType = sourcecode.swift; path = CircularArrowButton.swift; sourceTree = "<group>"; };
		9C1369C62C9E35BE0000B55C /* AuthenticationView.swift */ = {isa = PBXFileReference; fileEncoding = 4; lastKnownFileType = sourcecode.swift; path = AuthenticationView.swift; sourceTree = "<group>"; };
		9C1369C72C9E35BE0000B55C /* ProfilePickerView.swift */ = {isa = PBXFileReference; fileEncoding = 4; lastKnownFileType = sourcecode.swift; path = ProfilePickerView.swift; sourceTree = "<group>"; };
		9C1369C82C9E35BE0000B55C /* WelcomeIndividualPageView.swift */ = {isa = PBXFileReference; fileEncoding = 4; lastKnownFileType = sourcecode.swift; path = WelcomeIndividualPageView.swift; sourceTree = "<group>"; };
		9C1369C92C9E35BE0000B55C /* WelcomePageView.swift */ = {isa = PBXFileReference; fileEncoding = 4; lastKnownFileType = sourcecode.swift; path = WelcomePageView.swift; sourceTree = "<group>"; };
		9C1369CA2C9E35BE0000B55C /* CustomIndicatorView.swift */ = {isa = PBXFileReference; fileEncoding = 4; lastKnownFileType = sourcecode.swift; path = CustomIndicatorView.swift; sourceTree = "<group>"; };
		9C1369D42C9E3B3D0000B55C /* ColorExtensions.swift */ = {isa = PBXFileReference; fileEncoding = 4; lastKnownFileType = sourcecode.swift; path = ColorExtensions.swift; sourceTree = "<group>"; };
		9C1369D82C9E3F200000B55C /* GoogleService-Info.plist */ = {isa = PBXFileReference; fileEncoding = 4; lastKnownFileType = text.plist.xml; path = "GoogleService-Info.plist"; sourceTree = "<group>"; };
		9C1369EA2C9E42140000B55C /* AuthenticationResultModel.swift */ = {isa = PBXFileReference; fileEncoding = 4; lastKnownFileType = sourcecode.swift; path = AuthenticationResultModel.swift; sourceTree = "<group>"; };
		9C1369EC2C9E421E0000B55C /* WelcomePageModel.swift */ = {isa = PBXFileReference; fileEncoding = 4; lastKnownFileType = sourcecode.swift; path = WelcomePageModel.swift; sourceTree = "<group>"; };
		9C1369EE2C9E422C0000B55C /* AuthenticationViewModel.swift */ = {isa = PBXFileReference; fileEncoding = 4; lastKnownFileType = sourcecode.swift; path = AuthenticationViewModel.swift; sourceTree = "<group>"; };
		9C1369F02C9E428D0000B55C /* Info.plist */ = {isa = PBXFileReference; lastKnownFileType = text.plist; path = Info.plist; sourceTree = "<group>"; };
		9C1369F12C9E487E0000B55C /* Montserrat-ExtraLightItalic.ttf */ = {isa = PBXFileReference; lastKnownFileType = file; path = "Montserrat-ExtraLightItalic.ttf"; sourceTree = "<group>"; };
		9C528C192CAB56FB007F6A76 /* Launch Screen.storyboard */ = {isa = PBXFileReference; lastKnownFileType = file.storyboard; path = "Launch Screen.storyboard"; sourceTree = "<group>"; };
		9C528C1C2CAB7EDD007F6A76 /* ProfileView.swift */ = {isa = PBXFileReference; lastKnownFileType = sourcecode.swift; path = ProfileView.swift; sourceTree = "<group>"; };
		9C528C1E2CACE0B5007F6A76 /* LocationManager.swift */ = {isa = PBXFileReference; lastKnownFileType = sourcecode.swift; path = LocationManager.swift; sourceTree = "<group>"; };
		A9188B172CBCE144002703D4 /* StringExtensions.swift */ = {isa = PBXFileReference; lastKnownFileType = sourcecode.swift; path = StringExtensions.swift; sourceTree = "<group>"; };
		A924F9772CD40CAF00AE2ECB /* CoreData.xcdatamodel */ = {isa = PBXFileReference; lastKnownFileType = wrapper.xcdatamodel; path = CoreData.xcdatamodel; sourceTree = "<group>"; };
		A924F9832CD412C600AE2ECB /* Properties+CoreDataClass.swift */ = {isa = PBXFileReference; lastKnownFileType = sourcecode.swift; path = "Properties+CoreDataClass.swift"; sourceTree = "<group>"; };
		A924F9842CD412C600AE2ECB /* Properties+CoreDataProperties.swift */ = {isa = PBXFileReference; lastKnownFileType = sourcecode.swift; path = "Properties+CoreDataProperties.swift"; sourceTree = "<group>"; };
		A924F9852CD412C600AE2ECB /* Offers+CoreDataClass.swift */ = {isa = PBXFileReference; lastKnownFileType = sourcecode.swift; path = "Offers+CoreDataClass.swift"; sourceTree = "<group>"; };
		A924F9862CD412C600AE2ECB /* Offers+CoreDataProperties.swift */ = {isa = PBXFileReference; lastKnownFileType = sourcecode.swift; path = "Offers+CoreDataProperties.swift"; sourceTree = "<group>"; };
		A968E3C82C9F92A100EE98F8 /* Step1View.swift */ = {isa = PBXFileReference; fileEncoding = 4; lastKnownFileType = sourcecode.swift; path = Step1View.swift; sourceTree = "<group>"; };
		A968E3CA2C9F92A100EE98F8 /* Step3View.swift */ = {isa = PBXFileReference; fileEncoding = 4; lastKnownFileType = sourcecode.swift; path = Step3View.swift; sourceTree = "<group>"; };
		A968E3CB2C9F92A100EE98F8 /* Step2View.swift */ = {isa = PBXFileReference; fileEncoding = 4; lastKnownFileType = sourcecode.swift; path = Step2View.swift; sourceTree = "<group>"; };
		A968E3D02C9F92CC00EE98F8 /* ImagePicker.swift */ = {isa = PBXFileReference; fileEncoding = 4; lastKnownFileType = sourcecode.swift; path = ImagePicker.swift; sourceTree = "<group>"; };
		A968E3D12C9F92CC00EE98F8 /* LocationInputField.swift */ = {isa = PBXFileReference; fileEncoding = 4; lastKnownFileType = sourcecode.swift; path = LocationInputField.swift; sourceTree = "<group>"; };
		A968E3D22C9F92CC00EE98F8 /* CustomButton.swift */ = {isa = PBXFileReference; fileEncoding = 4; lastKnownFileType = sourcecode.swift; path = CustomButton.swift; sourceTree = "<group>"; };
		A968E3D42C9F92CC00EE98F8 /* DateRangePickerView.swift */ = {isa = PBXFileReference; fileEncoding = 4; lastKnownFileType = sourcecode.swift; path = DateRangePickerView.swift; sourceTree = "<group>"; };
		A968E3D52C9F92CC00EE98F8 /* HeaderView.swift */ = {isa = PBXFileReference; fileEncoding = 4; lastKnownFileType = sourcecode.swift; path = HeaderView.swift; sourceTree = "<group>"; };
		A968E3D62C9F92CC00EE98F8 /* ImagePickerView.swift */ = {isa = PBXFileReference; fileEncoding = 4; lastKnownFileType = sourcecode.swift; path = ImagePickerView.swift; sourceTree = "<group>"; };
		A968E3D72C9F92CC00EE98F8 /* CustomTextField.swift */ = {isa = PBXFileReference; fileEncoding = 4; lastKnownFileType = sourcecode.swift; path = CustomTextField.swift; sourceTree = "<group>"; };
		A968E3D82C9F92CC00EE98F8 /* IconInputFiled.swift */ = {isa = PBXFileReference; fileEncoding = 4; lastKnownFileType = sourcecode.swift; path = IconInputFiled.swift; sourceTree = "<group>"; };
		A968E3D92C9F92CC00EE98F8 /* IncrementDecrementView.swift */ = {isa = PBXFileReference; fileEncoding = 4; lastKnownFileType = sourcecode.swift; path = IncrementDecrementView.swift; sourceTree = "<group>"; };
		A968E3DA2C9F92CC00EE98F8 /* CustomInputField.swift */ = {isa = PBXFileReference; fileEncoding = 4; lastKnownFileType = sourcecode.swift; path = CustomInputField.swift; sourceTree = "<group>"; };
		A968E3DB2C9F92CC00EE98F8 /* SelectableOptionsView.swift */ = {isa = PBXFileReference; fileEncoding = 4; lastKnownFileType = sourcecode.swift; path = SelectableOptionsView.swift; sourceTree = "<group>"; };
		A9DFF6C52CA8F4820063E52C /* MinutesFromCampus.swift */ = {isa = PBXFileReference; lastKnownFileType = sourcecode.swift; path = MinutesFromCampus.swift; sourceTree = "<group>"; };
		A9DFF6C92CA90B380063E52C /* PriceField.swift */ = {isa = PBXFileReference; lastKnownFileType = sourcecode.swift; path = PriceField.swift; sourceTree = "<group>"; };
		A9DFF6CC2CA9193E0063E52C /* PropertyViewModel.swift */ = {isa = PBXFileReference; lastKnownFileType = sourcecode.swift; path = PropertyViewModel.swift; sourceTree = "<group>"; };
		A9DFF6CE2CA91C7F0063E52C /* PropertyOfferData.swift */ = {isa = PBXFileReference; lastKnownFileType = sourcecode.swift; path = PropertyOfferData.swift; sourceTree = "<group>"; };
		A9DFF6D12CAA83FD0063E52C /* FilterViewModel.swift */ = {isa = PBXFileReference; lastKnownFileType = sourcecode.swift; path = FilterViewModel.swift; sourceTree = "<group>"; };
		A9DFF6D32CAA85210063E52C /* FilterSearchOptions.swift */ = {isa = PBXFileReference; lastKnownFileType = sourcecode.swift; path = FilterSearchOptions.swift; sourceTree = "<group>"; };
		A9ED6DB02CAC52700066E3EA /* Extensions.swift */ = {isa = PBXFileReference; lastKnownFileType = sourcecode.swift; path = Extensions.swift; sourceTree = "<group>"; };
		A9ED6DB32CAC77AB0066E3EA /* AnalyticsView.swift */ = {isa = PBXFileReference; lastKnownFileType = sourcecode.swift; path = AnalyticsView.swift; sourceTree = "<group>"; };
/* End PBXFileReference section */

/* Begin PBXFrameworksBuildPhase section */
		9C13695E2C9E30A10000B55C /* Frameworks */ = {
			isa = PBXFrameworksBuildPhase;
			buildActionMask = 2147483647;
			files = (
				9C1369E02C9E3FDF0000B55C /* FirebaseCrashlytics in Frameworks */,
				9C1369DC2C9E3FDF0000B55C /* FirebaseAnalytics in Frameworks */,
				9C1369E92C9E41460000B55C /* GoogleSignInSwift in Frameworks */,
				3781A9B42CA3A34A000E0B86 /* FirebaseFirestoreCombine-Community in Frameworks */,
				3781A9B02CA3A34A000E0B86 /* FirebaseDynamicLinks in Frameworks */,
				9C1369E22C9E3FDF0000B55C /* FirebaseDatabase in Frameworks */,
				3781A9B22CA3A34A000E0B86 /* FirebaseFirestore in Frameworks */,
				9C1369E42C9E3FDF0000B55C /* FirebaseStorage in Frameworks */,
				9C1369DE2C9E3FDF0000B55C /* FirebaseAuth in Frameworks */,
				9C1369E72C9E41460000B55C /* GoogleSignIn in Frameworks */,
			);
			runOnlyForDeploymentPostprocessing = 0;
		};
		9C13696F2C9E30A20000B55C /* Frameworks */ = {
			isa = PBXFrameworksBuildPhase;
			buildActionMask = 2147483647;
			files = (
			);
			runOnlyForDeploymentPostprocessing = 0;
		};
		9C1369792C9E30A20000B55C /* Frameworks */ = {
			isa = PBXFrameworksBuildPhase;
			buildActionMask = 2147483647;
			files = (
			);
			runOnlyForDeploymentPostprocessing = 0;
		};
/* End PBXFrameworksBuildPhase section */

/* Begin PBXGroup section */
		3781D25E2CA4F55600C43924 /* Offers */ = {
			isa = PBXGroup;
			children = (
				3781D2652CA650CC00C43924 /* OfferWithProperty.swift */,
				3781D2632CA64C4B00C43924 /* OfferRentViewModel.swift */,
				3781D2612CA530A300C43924 /* OfferDetailViewModel.swift */,
				3781A9C02CA3D46F000E0B86 /* OfferViewModel.swift */,
			);
			path = Offers;
			sourceTree = "<group>";
		};
		3784CC3D2CC3379A00A0B7E9 /* Cache */ = {
			isa = PBXGroup;
			children = (
				3784CC492CC4B7AA00A0B7E9 /* OfferCacheManager.swift */,
				3784CC3C2CC3379A00A0B7E9 /* ImageCacheManager.swift */,
			);
			path = Cache;
			sourceTree = "<group>";
		};
		37C0E28A2C9E58D400099A90 /* Filters */ = {
			isa = PBXGroup;
			children = (
				37C0E28B2C9E58F500099A90 /* FiltersSearchView.swift */,
			);
			path = Filters;
			sourceTree = "<group>";
		};
		37C0E28D2C9E590D00099A90 /* Helpers */ = {
			isa = PBXGroup;
			children = (
				37A512E62CACD8E400B62788 /* CheckDaysSinceLastContact.swift */,
				3741BB1C2CAB8E3B00A4C1D4 /* ShakeDetector.swift */,
				A968E3D22C9F92CC00EE98F8 /* CustomButton.swift */,
				A968E3DA2C9F92CC00EE98F8 /* CustomInputField.swift */,
				A968E3D72C9F92CC00EE98F8 /* CustomTextField.swift */,
				A968E3D42C9F92CC00EE98F8 /* DateRangePickerView.swift */,
				A968E3D52C9F92CC00EE98F8 /* HeaderView.swift */,
				A968E3D82C9F92CC00EE98F8 /* IconInputFiled.swift */,
				A968E3D02C9F92CC00EE98F8 /* ImagePicker.swift */,
				A968E3D62C9F92CC00EE98F8 /* ImagePickerView.swift */,
				A968E3D92C9F92CC00EE98F8 /* IncrementDecrementView.swift */,
				A968E3D12C9F92CC00EE98F8 /* LocationInputField.swift */,
				A968E3DB2C9F92CC00EE98F8 /* SelectableOptionsView.swift */,
				37C0E28E2C9E591F00099A90 /* Heading.swift */,
				37C0E2902C9E592800099A90 /* MainTabLandlordView.swift */,
				37C0E2912C9E592800099A90 /* MainTabView.swift */,
				37C0E2922C9E592800099A90 /* OfferImageCarouselView.swift */,
				37C0E2932C9E592800099A90 /* SearchAndFilterBar.swift */,
				A9DFF6C52CA8F4820063E52C /* MinutesFromCampus.swift */,
				A9DFF6C92CA90B380063E52C /* PriceField.swift */,
				A9ED6DB02CAC52700066E3EA /* Extensions.swift */,
				A9188B172CBCE144002703D4 /* StringExtensions.swift */,
			);
			path = Helpers;
			sourceTree = "<group>";
		};
		37C0E2982C9E595B00099A90 /* Homepage */ = {
			isa = PBXGroup;
			children = (
				37C0E2992C9E596700099A90 /* HomepageView.swift */,
			);
			path = Homepage;
			sourceTree = "<group>";
		};
		37C0E29B2C9E596C00099A90 /* HomepageRent */ = {
			isa = PBXGroup;
			children = (
				37C0E29C2C9E598000099A90 /* CreateMoreButton.swift */,
				37C0E29D2C9E598000099A90 /* HomepageRentView.swift */,
			);
			path = HomepageRent;
			sourceTree = "<group>";
		};
		37C0E2A02C9E59AC00099A90 /* Offers */ = {
			isa = PBXGroup;
			children = (
				37C0E2A12C9E59BA00099A90 /* OfferDetailView.swift */,
				37C0E2A22C9E59BA00099A90 /* OfferRentView.swift */,
				37C0E2A32C9E59BA00099A90 /* OfferView.swift */,
			);
			path = Offers;
			sourceTree = "<group>";
		};
		37ECCB0F2CA7D580007BBE02 /* UserRelated */ = {
			isa = PBXGroup;
			children = (
				37ECCB102CA7D597007BBE02 /* UserViewsViewModel.swift */,
			);
			path = UserRelated;
			sourceTree = "<group>";
		};
		9C1369582C9E30A10000B55C = {
			isa = PBXGroup;
			children = (
				9C1369632C9E30A10000B55C /* Andlet */,
				9C1369752C9E30A20000B55C /* AndletTests */,
				9C13697F2C9E30A20000B55C /* AndletUITests */,
				9C1369622C9E30A10000B55C /* Products */,
				9C1369A22C9E339D0000B55C /* Frameworks */,
			);
			sourceTree = "<group>";
		};
		9C1369622C9E30A10000B55C /* Products */ = {
			isa = PBXGroup;
			children = (
				9C1369612C9E30A10000B55C /* Andlet.app */,
				9C1369722C9E30A20000B55C /* AndletTests.xctest */,
				9C13697C2C9E30A20000B55C /* AndletUITests.xctest */,
			);
			name = Products;
			sourceTree = "<group>";
		};
		9C1369632C9E30A10000B55C /* Andlet */ = {
			isa = PBXGroup;
			children = (
				A924F9812CD4109A00AE2ECB /* PropertyItem */,
				A924F9822CD410AC00AE2ECB /* OfferItem */,
				A9ED6DB22CAC77990066E3EA /* Analytics */,
				9C1369F02C9E428D0000B55C /* Info.plist */,
				9C1369D82C9E3F200000B55C /* GoogleService-Info.plist */,
				9C1369D32C9E3B170000B55C /* Utils */,
				9C1369AB2C9E34B40000B55C /* Fonts */,
				9C1369912C9E31800000B55C /* ViewModels */,
				9C1369902C9E31710000B55C /* Models */,
				9C13698F2C9E31680000B55C /* Views */,
				9C1369642C9E30A10000B55C /* AndletApp.swift */,
				9C1369662C9E30A10000B55C /* ContentView.swift */,
				9C1369682C9E30A20000B55C /* Assets.xcassets */,
				9C528C192CAB56FB007F6A76 /* Launch Screen.storyboard */,
				9C13696A2C9E30A20000B55C /* Andlet.entitlements */,
				9C13696B2C9E30A20000B55C /* Preview Content */,
				3784CC3D2CC3379A00A0B7E9 /* Cache */,
				A924F9762CD40CAF00AE2ECB /* CoreData.xcdatamodeld */,
			);
			path = Andlet;
			sourceTree = "<group>";
		};
		9C13696B2C9E30A20000B55C /* Preview Content */ = {
			isa = PBXGroup;
			children = (
				9C13696C2C9E30A20000B55C /* Preview Assets.xcassets */,
			);
			path = "Preview Content";
			sourceTree = "<group>";
		};
		9C1369752C9E30A20000B55C /* AndletTests */ = {
			isa = PBXGroup;
			children = (
				9C1369762C9E30A20000B55C /* AndletTests.swift */,
			);
			path = AndletTests;
			sourceTree = "<group>";
		};
		9C13697F2C9E30A20000B55C /* AndletUITests */ = {
			isa = PBXGroup;
			children = (
				9C1369802C9E30A20000B55C /* AndletUITests.swift */,
				9C1369822C9E30A20000B55C /* AndletUITestsLaunchTests.swift */,
			);
			path = AndletUITests;
			sourceTree = "<group>";
		};
		9C13698F2C9E31680000B55C /* Views */ = {
			isa = PBXGroup;
			children = (
				9C528C1B2CAB7EBF007F6A76 /* Profile */,
				A968E3C72C9F924C00EE98F8 /* Forms */,
				37C0E2A02C9E59AC00099A90 /* Offers */,
				37C0E29B2C9E596C00099A90 /* HomepageRent */,
				37C0E2982C9E595B00099A90 /* Homepage */,
				37C0E28D2C9E590D00099A90 /* Helpers */,
				37C0E28A2C9E58D400099A90 /* Filters */,
				9C1369C42C9E35400000B55C /* WelcomeViews */,
			);
			path = Views;
			sourceTree = "<group>";
		};
		9C1369902C9E31710000B55C /* Models */ = {
			isa = PBXGroup;
			children = (
				37A512E42CACD45D00B62788 /* UserActions.swift */,
				3781A9B52CA3A7F3000E0B86 /* UserModel.swift */,
				3781A9AB2CA275E3000E0B86 /* PropertyModel.swift */,
				3781A9A72CA26EA4000E0B86 /* OfferModel.swift */,
				9C1369EC2C9E421E0000B55C /* WelcomePageModel.swift */,
				9C1369EA2C9E42140000B55C /* AuthenticationResultModel.swift */,
			);
			path = Models;
			sourceTree = "<group>";
		};
		9C1369912C9E31800000B55C /* ViewModels */ = {
			isa = PBXGroup;
			children = (
				37ECCB0F2CA7D580007BBE02 /* UserRelated */,
				A9DFF6D02CAA83EA0063E52C /* Filters */,
				A9DFF6CB2CA9192E0063E52C /* Properties */,
				3781D25E2CA4F55600C43924 /* Offers */,
				9C1369EE2C9E422C0000B55C /* AuthenticationViewModel.swift */,
			);
			path = ViewModels;
			sourceTree = "<group>";
		};
		9C1369A22C9E339D0000B55C /* Frameworks */ = {
			isa = PBXGroup;
			children = (
			);
			name = Frameworks;
			sourceTree = "<group>";
		};
		9C1369AB2C9E34B40000B55C /* Fonts */ = {
			isa = PBXGroup;
			children = (
				9C1369F12C9E487E0000B55C /* Montserrat-ExtraLightItalic.ttf */,
				9C1369B32C9E352F0000B55C /* LeagueSpartan-ExtraBold.ttf */,
				9C1369B52C9E352F0000B55C /* LeagueSpartan-ExtraLight.ttf */,
				9C1369AE2C9E352F0000B55C /* LeagueSpartan-Light.ttf */,
				9C1369B42C9E352F0000B55C /* LeagueSpartan-Medium.ttf */,
				9C1369AD2C9E352F0000B55C /* LeagueSpartan-Regular.ttf */,
				9C1369B62C9E352F0000B55C /* LeagueSpartan-SemiBold.ttf */,
				9C1369B72C9E352F0000B55C /* Montserrat-ExtraBold.ttf */,
				9C1369AC2C9E352F0000B55C /* Montserrat-Italic.ttf */,
				9C1369B02C9E352F0000B55C /* Montserrat-Light.ttf */,
				9C1369B12C9E352F0000B55C /* Montserrat-Medium.ttf */,
				9C1369AF2C9E352F0000B55C /* Montserrat-Regular.ttf */,
				9C1369B22C9E352F0000B55C /* Montserrat-SemiBold.ttf */,
			);
			path = Fonts;
			sourceTree = "<group>";
		};
		9C1369C42C9E35400000B55C /* WelcomeViews */ = {
			isa = PBXGroup;
			children = (
				9C1369C62C9E35BE0000B55C /* AuthenticationView.swift */,
				9C1369C52C9E35BE0000B55C /* CircularArrowButton.swift */,
				9C1369CA2C9E35BE0000B55C /* CustomIndicatorView.swift */,
				9C1369C72C9E35BE0000B55C /* ProfilePickerView.swift */,
				9C1369C82C9E35BE0000B55C /* WelcomeIndividualPageView.swift */,
				9C1369C92C9E35BE0000B55C /* WelcomePageView.swift */,
			);
			path = WelcomeViews;
			sourceTree = "<group>";
		};
		9C1369D32C9E3B170000B55C /* Utils */ = {
			isa = PBXGroup;
			children = (
				3784CC4C2CD1057A00A0B7E9 /* UserDefaultsExtension.swift */,
				3784CC472CC4B08C00A0B7E9 /* NetworkMonitor.swift */,
				9C1369D42C9E3B3D0000B55C /* ColorExtensions.swift */,
				9C528C1E2CACE0B5007F6A76 /* LocationManager.swift */,
			);
			path = Utils;
			sourceTree = "<group>";
		};
		9C528C1B2CAB7EBF007F6A76 /* Profile */ = {
			isa = PBXGroup;
			children = (
				9C528C1C2CAB7EDD007F6A76 /* ProfileView.swift */,
			);
			path = Profile;
			sourceTree = "<group>";
		};
		A924F9812CD4109A00AE2ECB /* PropertyItem */ = {
			isa = PBXGroup;
			children = (
				A924F9832CD412C600AE2ECB /* Properties+CoreDataClass.swift */,
				A924F9842CD412C600AE2ECB /* Properties+CoreDataProperties.swift */,
			);
			path = PropertyItem;
			sourceTree = "<group>";
		};
		A924F9822CD410AC00AE2ECB /* OfferItem */ = {
			isa = PBXGroup;
			children = (
				A924F9852CD412C600AE2ECB /* Offers+CoreDataClass.swift */,
				A924F9862CD412C600AE2ECB /* Offers+CoreDataProperties.swift */,
			);
			path = OfferItem;
			sourceTree = "<group>";
		};
		A968E3C72C9F924C00EE98F8 /* Forms */ = {
			isa = PBXGroup;
			children = (
				A968E3C82C9F92A100EE98F8 /* Step1View.swift */,
				A968E3CB2C9F92A100EE98F8 /* Step2View.swift */,
				A968E3CA2C9F92A100EE98F8 /* Step3View.swift */,
			);
			path = Forms;
			sourceTree = "<group>";
		};
		A9DFF6CB2CA9192E0063E52C /* Properties */ = {
			isa = PBXGroup;
			children = (
				A9DFF6CC2CA9193E0063E52C /* PropertyViewModel.swift */,
				A9DFF6CE2CA91C7F0063E52C /* PropertyOfferData.swift */,
			);
			path = Properties;
			sourceTree = "<group>";
		};
		A9DFF6D02CAA83EA0063E52C /* Filters */ = {
			isa = PBXGroup;
			children = (
				A9DFF6D12CAA83FD0063E52C /* FilterViewModel.swift */,
				A9DFF6D32CAA85210063E52C /* FilterSearchOptions.swift */,
			);
			path = Filters;
			sourceTree = "<group>";
		};
		A9ED6DB22CAC77990066E3EA /* Analytics */ = {
			isa = PBXGroup;
			children = (
				A9ED6DB32CAC77AB0066E3EA /* AnalyticsView.swift */,
			);
			path = Analytics;
			sourceTree = "<group>";
		};
/* End PBXGroup section */

/* Begin PBXNativeTarget section */
		9C1369602C9E30A10000B55C /* Andlet */ = {
			isa = PBXNativeTarget;
			buildConfigurationList = 9C1369862C9E30A20000B55C /* Build configuration list for PBXNativeTarget "Andlet" */;
			buildPhases = (
				9C13695D2C9E30A10000B55C /* Sources */,
				9C13695E2C9E30A10000B55C /* Frameworks */,
				9C13695F2C9E30A10000B55C /* Resources */,
			);
			buildRules = (
			);
			dependencies = (
			);
			name = Andlet;
			packageProductDependencies = (
				9C1369DB2C9E3FDF0000B55C /* FirebaseAnalytics */,
				9C1369DD2C9E3FDF0000B55C /* FirebaseAuth */,
				9C1369DF2C9E3FDF0000B55C /* FirebaseCrashlytics */,
				9C1369E12C9E3FDF0000B55C /* FirebaseDatabase */,
				9C1369E32C9E3FDF0000B55C /* FirebaseStorage */,
				9C1369E62C9E41460000B55C /* GoogleSignIn */,
				9C1369E82C9E41460000B55C /* GoogleSignInSwift */,
				3781A9AF2CA3A34A000E0B86 /* FirebaseDynamicLinks */,
				3781A9B12CA3A34A000E0B86 /* FirebaseFirestore */,
				3781A9B32CA3A34A000E0B86 /* FirebaseFirestoreCombine-Community */,
			);
			productName = Andlet;
			productReference = 9C1369612C9E30A10000B55C /* Andlet.app */;
			productType = "com.apple.product-type.application";
		};
		9C1369712C9E30A20000B55C /* AndletTests */ = {
			isa = PBXNativeTarget;
			buildConfigurationList = 9C1369892C9E30A20000B55C /* Build configuration list for PBXNativeTarget "AndletTests" */;
			buildPhases = (
				9C13696E2C9E30A20000B55C /* Sources */,
				9C13696F2C9E30A20000B55C /* Frameworks */,
				9C1369702C9E30A20000B55C /* Resources */,
			);
			buildRules = (
			);
			dependencies = (
				9C1369742C9E30A20000B55C /* PBXTargetDependency */,
			);
			name = AndletTests;
			productName = AndletTests;
			productReference = 9C1369722C9E30A20000B55C /* AndletTests.xctest */;
			productType = "com.apple.product-type.bundle.unit-test";
		};
		9C13697B2C9E30A20000B55C /* AndletUITests */ = {
			isa = PBXNativeTarget;
			buildConfigurationList = 9C13698C2C9E30A20000B55C /* Build configuration list for PBXNativeTarget "AndletUITests" */;
			buildPhases = (
				9C1369782C9E30A20000B55C /* Sources */,
				9C1369792C9E30A20000B55C /* Frameworks */,
				9C13697A2C9E30A20000B55C /* Resources */,
			);
			buildRules = (
			);
			dependencies = (
				9C13697E2C9E30A20000B55C /* PBXTargetDependency */,
			);
			name = AndletUITests;
			productName = AndletUITests;
			productReference = 9C13697C2C9E30A20000B55C /* AndletUITests.xctest */;
			productType = "com.apple.product-type.bundle.ui-testing";
		};
/* End PBXNativeTarget section */

/* Begin PBXProject section */
		9C1369592C9E30A10000B55C /* Project object */ = {
			isa = PBXProject;
			attributes = {
				BuildIndependentTargetsInParallel = 1;
				LastSwiftUpdateCheck = 1540;
				LastUpgradeCheck = 1540;
				TargetAttributes = {
					9C1369602C9E30A10000B55C = {
						CreatedOnToolsVersion = 15.4;
					};
					9C1369712C9E30A20000B55C = {
						CreatedOnToolsVersion = 15.4;
						TestTargetID = 9C1369602C9E30A10000B55C;
					};
					9C13697B2C9E30A20000B55C = {
						CreatedOnToolsVersion = 15.4;
						TestTargetID = 9C1369602C9E30A10000B55C;
					};
				};
			};
			buildConfigurationList = 9C13695C2C9E30A10000B55C /* Build configuration list for PBXProject "Andlet" */;
			compatibilityVersion = "Xcode 14.0";
			developmentRegion = en;
			hasScannedForEncodings = 0;
			knownRegions = (
				en,
				Base,
			);
			mainGroup = 9C1369582C9E30A10000B55C;
			packageReferences = (
				9C1369DA2C9E3FDE0000B55C /* XCRemoteSwiftPackageReference "firebase-ios-sdk" */,
				9C1369E52C9E41460000B55C /* XCRemoteSwiftPackageReference "GoogleSignin-IOS" */,
			);
			productRefGroup = 9C1369622C9E30A10000B55C /* Products */;
			projectDirPath = "";
			projectRoot = "";
			targets = (
				9C1369602C9E30A10000B55C /* Andlet */,
				9C1369712C9E30A20000B55C /* AndletTests */,
				9C13697B2C9E30A20000B55C /* AndletUITests */,
			);
		};
/* End PBXProject section */

/* Begin PBXResourcesBuildPhase section */
		9C13695F2C9E30A10000B55C /* Resources */ = {
			isa = PBXResourcesBuildPhase;
			buildActionMask = 2147483647;
			files = (
				9C1369BB2C9E352F0000B55C /* Montserrat-Regular.ttf in Resources */,
				9C1369BF2C9E352F0000B55C /* LeagueSpartan-ExtraBold.ttf in Resources */,
				9C528C1A2CAB56FB007F6A76 /* Launch Screen.storyboard in Resources */,
				9C1369BE2C9E352F0000B55C /* Montserrat-SemiBold.ttf in Resources */,
				9C1369BA2C9E352F0000B55C /* LeagueSpartan-Light.ttf in Resources */,
				9C1369B92C9E352F0000B55C /* LeagueSpartan-Regular.ttf in Resources */,
				9C1369C32C9E352F0000B55C /* Montserrat-ExtraBold.ttf in Resources */,
				9C1369BC2C9E352F0000B55C /* Montserrat-Light.ttf in Resources */,
				9C1369C02C9E352F0000B55C /* LeagueSpartan-Medium.ttf in Resources */,
				9C1369C22C9E352F0000B55C /* LeagueSpartan-SemiBold.ttf in Resources */,
				9C1369F22C9E487E0000B55C /* Montserrat-ExtraLightItalic.ttf in Resources */,
				9C1369D92C9E3F200000B55C /* GoogleService-Info.plist in Resources */,
				9C1369B82C9E352F0000B55C /* Montserrat-Italic.ttf in Resources */,
				9C1369C12C9E352F0000B55C /* LeagueSpartan-ExtraLight.ttf in Resources */,
				9C1369BD2C9E352F0000B55C /* Montserrat-Medium.ttf in Resources */,
				9C13696D2C9E30A20000B55C /* Preview Assets.xcassets in Resources */,
				9C1369692C9E30A20000B55C /* Assets.xcassets in Resources */,
			);
			runOnlyForDeploymentPostprocessing = 0;
		};
		9C1369702C9E30A20000B55C /* Resources */ = {
			isa = PBXResourcesBuildPhase;
			buildActionMask = 2147483647;
			files = (
			);
			runOnlyForDeploymentPostprocessing = 0;
		};
		9C13697A2C9E30A20000B55C /* Resources */ = {
			isa = PBXResourcesBuildPhase;
			buildActionMask = 2147483647;
			files = (
			);
			runOnlyForDeploymentPostprocessing = 0;
		};
/* End PBXResourcesBuildPhase section */

/* Begin PBXSourcesBuildPhase section */
		9C13695D2C9E30A10000B55C /* Sources */ = {
			isa = PBXSourcesBuildPhase;
			buildActionMask = 2147483647;
			files = (
				3781A9AC2CA275E9000E0B86 /* PropertyModel.swift in Sources */,
				A9ED6DB12CAC52700066E3EA /* Extensions.swift in Sources */,
				9C1369EF2C9E422C0000B55C /* AuthenticationViewModel.swift in Sources */,
				3784CC482CC4B09900A0B7E9 /* NetworkMonitor.swift in Sources */,
				A9DFF6D22CAA83FD0063E52C /* FilterViewModel.swift in Sources */,
				37C0E2A42C9E59BA00099A90 /* OfferView.swift in Sources */,
				3781D2622CA530AD00C43924 /* OfferDetailViewModel.swift in Sources */,
				A968E3CE2C9F92A100EE98F8 /* Step3View.swift in Sources */,
				A968E3E22C9F92CC00EE98F8 /* ImagePickerView.swift in Sources */,
				A968E3CC2C9F92A100EE98F8 /* Step1View.swift in Sources */,
				3784CC4D2CD1059200A0B7E9 /* UserDefaultsExtension.swift in Sources */,
				37ECCB112CA7D5AD007BBE02 /* UserViewsViewModel.swift in Sources */,
				37C0E2A52C9E59BA00099A90 /* OfferRentView.swift in Sources */,
				9C528C1D2CAB7EDD007F6A76 /* ProfileView.swift in Sources */,
				A9188B182CBCE144002703D4 /* StringExtensions.swift in Sources */,
				37C0E2A62C9E59BA00099A90 /* OfferDetailView.swift in Sources */,
				A924F9872CD412C600AE2ECB /* Properties+CoreDataClass.swift in Sources */,
				A924F9882CD412C600AE2ECB /* Properties+CoreDataProperties.swift in Sources */,
				A924F9892CD412C600AE2ECB /* Offers+CoreDataClass.swift in Sources */,
				A924F98A2CD412C600AE2ECB /* Offers+CoreDataProperties.swift in Sources */,
				A968E3E32C9F92CC00EE98F8 /* CustomTextField.swift in Sources */,
				9C1369CB2C9E35BE0000B55C /* CircularArrowButton.swift in Sources */,
				A9DFF6CF2CA91C7F0063E52C /* PropertyOfferData.swift in Sources */,
				9C1369ED2C9E421E0000B55C /* WelcomePageModel.swift in Sources */,
				9C528C1F2CACE0B5007F6A76 /* LocationManager.swift in Sources */,
				37C0E2942C9E592800099A90 /* MainTabLandlordView.swift in Sources */,
				37C0E2952C9E592800099A90 /* SearchAndFilterBar.swift in Sources */,
				A968E3CF2C9F92A100EE98F8 /* Step2View.swift in Sources */,
				37C0E2962C9E592800099A90 /* OfferImageCarouselView.swift in Sources */,
				37C0E29A2C9E596700099A90 /* HomepageView.swift in Sources */,
				37C0E2972C9E592800099A90 /* MainTabView.swift in Sources */,
				A968E3E72C9F92CC00EE98F8 /* SelectableOptionsView.swift in Sources */,
				A9DFF6CD2CA9193E0063E52C /* PropertyViewModel.swift in Sources */,
				9C1369CE2C9E35BE0000B55C /* WelcomeIndividualPageView.swift in Sources */,
				37C0E28C2C9E58F500099A90 /* FiltersSearchView.swift in Sources */,
				A968E3DE2C9F92CC00EE98F8 /* CustomButton.swift in Sources */,
				A968E3DC2C9F92CC00EE98F8 /* ImagePicker.swift in Sources */,
				3781A9A82CA26EA9000E0B86 /* OfferModel.swift in Sources */,
				A968E3DD2C9F92CC00EE98F8 /* LocationInputField.swift in Sources */,
				9C1369672C9E30A10000B55C /* ContentView.swift in Sources */,
				3741BB1D2CAB8E4C00A4C1D4 /* ShakeDetector.swift in Sources */,
				3781D2662CA650D900C43924 /* OfferWithProperty.swift in Sources */,
				37C0E28F2C9E591F00099A90 /* Heading.swift in Sources */,
				9C1369CC2C9E35BE0000B55C /* AuthenticationView.swift in Sources */,
				A968E3E62C9F92CC00EE98F8 /* CustomInputField.swift in Sources */,
				A968E3E12C9F92CC00EE98F8 /* HeaderView.swift in Sources */,
				A924F9782CD40CAF00AE2ECB /* CoreData.xcdatamodeld in Sources */,
				A968E3E42C9F92CC00EE98F8 /* IconInputFiled.swift in Sources */,
				A9ED6DB42CAC77AC0066E3EA /* AnalyticsView.swift in Sources */,
				9C1369CD2C9E35BE0000B55C /* ProfilePickerView.swift in Sources */,
				9C1369D52C9E3B3D0000B55C /* ColorExtensions.swift in Sources */,
				3784CC3E2CC3379A00A0B7E9 /* ImageCacheManager.swift in Sources */,
				3781A9C12CA3D479000E0B86 /* OfferViewModel.swift in Sources */,
				A9DFF6D42CAA85210063E52C /* FilterSearchOptions.swift in Sources */,
				9C1369EB2C9E42140000B55C /* AuthenticationResultModel.swift in Sources */,
				3784CC4A2CC4B7B100A0B7E9 /* OfferCacheManager.swift in Sources */,
				9C1369CF2C9E35BE0000B55C /* WelcomePageView.swift in Sources */,
				3781A9B62CA3A7F9000E0B86 /* UserModel.swift in Sources */,
				9C1369652C9E30A10000B55C /* AndletApp.swift in Sources */,
				A9DFF6C62CA8F4820063E52C /* MinutesFromCampus.swift in Sources */,
				A9DFF6CA2CA90B380063E52C /* PriceField.swift in Sources */,
				A968E3E52C9F92CC00EE98F8 /* IncrementDecrementView.swift in Sources */,
				37A512E72CACD8F500B62788 /* CheckDaysSinceLastContact.swift in Sources */,
				9C1369D02C9E35BE0000B55C /* CustomIndicatorView.swift in Sources */,
				37C0E29E2C9E598000099A90 /* CreateMoreButton.swift in Sources */,
				37A512E52CACD46300B62788 /* UserActions.swift in Sources */,
				37C0E29F2C9E598000099A90 /* HomepageRentView.swift in Sources */,
				3781D2642CA64C5400C43924 /* OfferRentViewModel.swift in Sources */,
				A968E3E02C9F92CC00EE98F8 /* DateRangePickerView.swift in Sources */,
			);
			runOnlyForDeploymentPostprocessing = 0;
		};
		9C13696E2C9E30A20000B55C /* Sources */ = {
			isa = PBXSourcesBuildPhase;
			buildActionMask = 2147483647;
			files = (
				9C1369772C9E30A20000B55C /* AndletTests.swift in Sources */,
			);
			runOnlyForDeploymentPostprocessing = 0;
		};
		9C1369782C9E30A20000B55C /* Sources */ = {
			isa = PBXSourcesBuildPhase;
			buildActionMask = 2147483647;
			files = (
				9C1369832C9E30A20000B55C /* AndletUITestsLaunchTests.swift in Sources */,
				9C1369812C9E30A20000B55C /* AndletUITests.swift in Sources */,
			);
			runOnlyForDeploymentPostprocessing = 0;
		};
/* End PBXSourcesBuildPhase section */

/* Begin PBXTargetDependency section */
		9C1369742C9E30A20000B55C /* PBXTargetDependency */ = {
			isa = PBXTargetDependency;
			target = 9C1369602C9E30A10000B55C /* Andlet */;
			targetProxy = 9C1369732C9E30A20000B55C /* PBXContainerItemProxy */;
		};
		9C13697E2C9E30A20000B55C /* PBXTargetDependency */ = {
			isa = PBXTargetDependency;
			target = 9C1369602C9E30A10000B55C /* Andlet */;
			targetProxy = 9C13697D2C9E30A20000B55C /* PBXContainerItemProxy */;
		};
/* End PBXTargetDependency section */

/* Begin XCBuildConfiguration section */
		9C1369842C9E30A20000B55C /* Debug */ = {
			isa = XCBuildConfiguration;
			buildSettings = {
				ALWAYS_SEARCH_USER_PATHS = NO;
				ASSETCATALOG_COMPILER_GENERATE_SWIFT_ASSET_SYMBOL_EXTENSIONS = YES;
				CLANG_ANALYZER_NONNULL = YES;
				CLANG_ANALYZER_NUMBER_OBJECT_CONVERSION = YES_AGGRESSIVE;
				CLANG_CXX_LANGUAGE_STANDARD = "gnu++20";
				CLANG_ENABLE_MODULES = YES;
				CLANG_ENABLE_OBJC_ARC = YES;
				CLANG_ENABLE_OBJC_WEAK = YES;
				CLANG_WARN_BLOCK_CAPTURE_AUTORELEASING = YES;
				CLANG_WARN_BOOL_CONVERSION = YES;
				CLANG_WARN_COMMA = YES;
				CLANG_WARN_CONSTANT_CONVERSION = YES;
				CLANG_WARN_DEPRECATED_OBJC_IMPLEMENTATIONS = YES;
				CLANG_WARN_DIRECT_OBJC_ISA_USAGE = YES_ERROR;
				CLANG_WARN_DOCUMENTATION_COMMENTS = YES;
				CLANG_WARN_EMPTY_BODY = YES;
				CLANG_WARN_ENUM_CONVERSION = YES;
				CLANG_WARN_INFINITE_RECURSION = YES;
				CLANG_WARN_INT_CONVERSION = YES;
				CLANG_WARN_NON_LITERAL_NULL_CONVERSION = YES;
				CLANG_WARN_OBJC_IMPLICIT_RETAIN_SELF = YES;
				CLANG_WARN_OBJC_LITERAL_CONVERSION = YES;
				CLANG_WARN_OBJC_ROOT_CLASS = YES_ERROR;
				CLANG_WARN_QUOTED_INCLUDE_IN_FRAMEWORK_HEADER = YES;
				CLANG_WARN_RANGE_LOOP_ANALYSIS = YES;
				CLANG_WARN_STRICT_PROTOTYPES = YES;
				CLANG_WARN_SUSPICIOUS_MOVE = YES;
				CLANG_WARN_UNGUARDED_AVAILABILITY = YES_AGGRESSIVE;
				CLANG_WARN_UNREACHABLE_CODE = YES;
				CLANG_WARN__DUPLICATE_METHOD_MATCH = YES;
				COPY_PHASE_STRIP = NO;
				DEBUG_INFORMATION_FORMAT = dwarf;
				ENABLE_STRICT_OBJC_MSGSEND = YES;
				ENABLE_TESTABILITY = YES;
				ENABLE_USER_SCRIPT_SANDBOXING = YES;
				GCC_C_LANGUAGE_STANDARD = gnu17;
				GCC_DYNAMIC_NO_PIC = NO;
				GCC_NO_COMMON_BLOCKS = YES;
				GCC_OPTIMIZATION_LEVEL = 0;
				GCC_PREPROCESSOR_DEFINITIONS = (
					"DEBUG=1",
					"$(inherited)",
				);
				GCC_WARN_64_TO_32_BIT_CONVERSION = YES;
				GCC_WARN_ABOUT_RETURN_TYPE = YES_ERROR;
				GCC_WARN_UNDECLARED_SELECTOR = YES;
				GCC_WARN_UNINITIALIZED_AUTOS = YES_AGGRESSIVE;
				GCC_WARN_UNUSED_FUNCTION = YES;
				GCC_WARN_UNUSED_VARIABLE = YES;
				LOCALIZATION_PREFERS_STRING_CATALOGS = YES;
				MTL_ENABLE_DEBUG_INFO = INCLUDE_SOURCE;
				MTL_FAST_MATH = YES;
				ONLY_ACTIVE_ARCH = YES;
				SWIFT_ACTIVE_COMPILATION_CONDITIONS = "DEBUG $(inherited)";
				SWIFT_OPTIMIZATION_LEVEL = "-Onone";
			};
			name = Debug;
		};
		9C1369852C9E30A20000B55C /* Release */ = {
			isa = XCBuildConfiguration;
			buildSettings = {
				ALWAYS_SEARCH_USER_PATHS = NO;
				ASSETCATALOG_COMPILER_GENERATE_SWIFT_ASSET_SYMBOL_EXTENSIONS = YES;
				CLANG_ANALYZER_NONNULL = YES;
				CLANG_ANALYZER_NUMBER_OBJECT_CONVERSION = YES_AGGRESSIVE;
				CLANG_CXX_LANGUAGE_STANDARD = "gnu++20";
				CLANG_ENABLE_MODULES = YES;
				CLANG_ENABLE_OBJC_ARC = YES;
				CLANG_ENABLE_OBJC_WEAK = YES;
				CLANG_WARN_BLOCK_CAPTURE_AUTORELEASING = YES;
				CLANG_WARN_BOOL_CONVERSION = YES;
				CLANG_WARN_COMMA = YES;
				CLANG_WARN_CONSTANT_CONVERSION = YES;
				CLANG_WARN_DEPRECATED_OBJC_IMPLEMENTATIONS = YES;
				CLANG_WARN_DIRECT_OBJC_ISA_USAGE = YES_ERROR;
				CLANG_WARN_DOCUMENTATION_COMMENTS = YES;
				CLANG_WARN_EMPTY_BODY = YES;
				CLANG_WARN_ENUM_CONVERSION = YES;
				CLANG_WARN_INFINITE_RECURSION = YES;
				CLANG_WARN_INT_CONVERSION = YES;
				CLANG_WARN_NON_LITERAL_NULL_CONVERSION = YES;
				CLANG_WARN_OBJC_IMPLICIT_RETAIN_SELF = YES;
				CLANG_WARN_OBJC_LITERAL_CONVERSION = YES;
				CLANG_WARN_OBJC_ROOT_CLASS = YES_ERROR;
				CLANG_WARN_QUOTED_INCLUDE_IN_FRAMEWORK_HEADER = YES;
				CLANG_WARN_RANGE_LOOP_ANALYSIS = YES;
				CLANG_WARN_STRICT_PROTOTYPES = YES;
				CLANG_WARN_SUSPICIOUS_MOVE = YES;
				CLANG_WARN_UNGUARDED_AVAILABILITY = YES_AGGRESSIVE;
				CLANG_WARN_UNREACHABLE_CODE = YES;
				CLANG_WARN__DUPLICATE_METHOD_MATCH = YES;
				COPY_PHASE_STRIP = NO;
				DEBUG_INFORMATION_FORMAT = "dwarf-with-dsym";
				ENABLE_NS_ASSERTIONS = NO;
				ENABLE_STRICT_OBJC_MSGSEND = YES;
				ENABLE_USER_SCRIPT_SANDBOXING = YES;
				GCC_C_LANGUAGE_STANDARD = gnu17;
				GCC_NO_COMMON_BLOCKS = YES;
				GCC_WARN_64_TO_32_BIT_CONVERSION = YES;
				GCC_WARN_ABOUT_RETURN_TYPE = YES_ERROR;
				GCC_WARN_UNDECLARED_SELECTOR = YES;
				GCC_WARN_UNINITIALIZED_AUTOS = YES_AGGRESSIVE;
				GCC_WARN_UNUSED_FUNCTION = YES;
				GCC_WARN_UNUSED_VARIABLE = YES;
				LOCALIZATION_PREFERS_STRING_CATALOGS = YES;
				MTL_ENABLE_DEBUG_INFO = NO;
				MTL_FAST_MATH = YES;
				SWIFT_COMPILATION_MODE = wholemodule;
			};
			name = Release;
		};
		9C1369872C9E30A20000B55C /* Debug */ = {
			isa = XCBuildConfiguration;
			buildSettings = {
				ASSETCATALOG_COMPILER_APPICON_NAME = AppIcon;
				ASSETCATALOG_COMPILER_GLOBAL_ACCENT_COLOR_NAME = AccentColor;
				CODE_SIGN_ENTITLEMENTS = Andlet/Andlet.entitlements;
				CODE_SIGN_STYLE = Automatic;
				CURRENT_PROJECT_VERSION = 1;
				DEVELOPMENT_ASSET_PATHS = "\"Andlet/Preview Content\"";
				DEVELOPMENT_TEAM = NSVR4MKML4;
				ENABLE_HARDENED_RUNTIME = YES;
				ENABLE_PREVIEWS = YES;
				GENERATE_INFOPLIST_FILE = YES;
				INFOPLIST_FILE = Andlet/Info.plist;
				INFOPLIST_KEY_NSLocationAlwaysAndWhenInUseUsageDescription = "We need your location to notify you about offers near the university.";
				INFOPLIST_KEY_NSLocationAlwaysUsageDescription = "We need your location even when the app is in the background.";
				INFOPLIST_KEY_NSLocationWhenInUseUsageDescription = "We need your location to notify you about offers near the university.";
				"INFOPLIST_KEY_UIApplicationSceneManifest_Generation[sdk=iphoneos*]" = YES;
				"INFOPLIST_KEY_UIApplicationSceneManifest_Generation[sdk=iphonesimulator*]" = YES;
				"INFOPLIST_KEY_UIApplicationSupportsIndirectInputEvents[sdk=iphoneos*]" = YES;
				"INFOPLIST_KEY_UIApplicationSupportsIndirectInputEvents[sdk=iphonesimulator*]" = YES;
				"INFOPLIST_KEY_UILaunchScreen_Generation[sdk=iphoneos*]" = YES;
				"INFOPLIST_KEY_UILaunchScreen_Generation[sdk=iphonesimulator*]" = YES;
				INFOPLIST_KEY_UILaunchStoryboardName = "Launch Screen.storyboard";
				"INFOPLIST_KEY_UIStatusBarStyle[sdk=iphoneos*]" = UIStatusBarStyleDefault;
				"INFOPLIST_KEY_UIStatusBarStyle[sdk=iphonesimulator*]" = UIStatusBarStyleDefault;
				INFOPLIST_KEY_UISupportedInterfaceOrientations_iPad = "UIInterfaceOrientationPortrait UIInterfaceOrientationPortraitUpsideDown UIInterfaceOrientationLandscapeLeft UIInterfaceOrientationLandscapeRight";
				INFOPLIST_KEY_UISupportedInterfaceOrientations_iPhone = "UIInterfaceOrientationPortrait UIInterfaceOrientationLandscapeLeft UIInterfaceOrientationLandscapeRight";
				INFOPLIST_KEY_UIUserInterfaceStyle = Light;
				IPHONEOS_DEPLOYMENT_TARGET = 17.5;
				LD_RUNPATH_SEARCH_PATHS = "@executable_path/Frameworks";
				"LD_RUNPATH_SEARCH_PATHS[sdk=macosx*]" = "@executable_path/../Frameworks";
				MACOSX_DEPLOYMENT_TARGET = 14.4;
				MARKETING_VERSION = 1.0;
				PRODUCT_BUNDLE_IDENTIFIER = team23.Andlet.daniel;
				PRODUCT_NAME = "$(TARGET_NAME)";
				SDKROOT = auto;
				SUPPORTED_PLATFORMS = "iphoneos iphonesimulator macosx";
				SWIFT_EMIT_LOC_STRINGS = YES;
				SWIFT_VERSION = 5.0;
				TARGETED_DEVICE_FAMILY = "1,2";
			};
			name = Debug;
		};
		9C1369882C9E30A20000B55C /* Release */ = {
			isa = XCBuildConfiguration;
			buildSettings = {
				ASSETCATALOG_COMPILER_APPICON_NAME = AppIcon;
				ASSETCATALOG_COMPILER_GLOBAL_ACCENT_COLOR_NAME = AccentColor;
				CODE_SIGN_ENTITLEMENTS = Andlet/Andlet.entitlements;
				CODE_SIGN_STYLE = Automatic;
				CURRENT_PROJECT_VERSION = 1;
				DEVELOPMENT_ASSET_PATHS = "\"Andlet/Preview Content\"";
				DEVELOPMENT_TEAM = NSVR4MKML4;
				ENABLE_HARDENED_RUNTIME = YES;
				ENABLE_PREVIEWS = YES;
				GENERATE_INFOPLIST_FILE = YES;
				INFOPLIST_FILE = Andlet/Info.plist;
				INFOPLIST_KEY_NSLocationAlwaysAndWhenInUseUsageDescription = "We need your location to notify you about offers near the university.";
				INFOPLIST_KEY_NSLocationAlwaysUsageDescription = "We need your location even when the app is in the background.";
				INFOPLIST_KEY_NSLocationWhenInUseUsageDescription = "We need your location to notify you about offers near the university.";
				"INFOPLIST_KEY_UIApplicationSceneManifest_Generation[sdk=iphoneos*]" = YES;
				"INFOPLIST_KEY_UIApplicationSceneManifest_Generation[sdk=iphonesimulator*]" = YES;
				"INFOPLIST_KEY_UIApplicationSupportsIndirectInputEvents[sdk=iphoneos*]" = YES;
				"INFOPLIST_KEY_UIApplicationSupportsIndirectInputEvents[sdk=iphonesimulator*]" = YES;
				"INFOPLIST_KEY_UILaunchScreen_Generation[sdk=iphoneos*]" = YES;
				"INFOPLIST_KEY_UILaunchScreen_Generation[sdk=iphonesimulator*]" = YES;
				INFOPLIST_KEY_UILaunchStoryboardName = "Launch Screen.storyboard";
				"INFOPLIST_KEY_UIStatusBarStyle[sdk=iphoneos*]" = UIStatusBarStyleDefault;
				"INFOPLIST_KEY_UIStatusBarStyle[sdk=iphonesimulator*]" = UIStatusBarStyleDefault;
				INFOPLIST_KEY_UISupportedInterfaceOrientations_iPad = "UIInterfaceOrientationPortrait UIInterfaceOrientationPortraitUpsideDown UIInterfaceOrientationLandscapeLeft UIInterfaceOrientationLandscapeRight";
				INFOPLIST_KEY_UISupportedInterfaceOrientations_iPhone = "UIInterfaceOrientationPortrait UIInterfaceOrientationLandscapeLeft UIInterfaceOrientationLandscapeRight";
				INFOPLIST_KEY_UIUserInterfaceStyle = Light;
				IPHONEOS_DEPLOYMENT_TARGET = 17.5;
				LD_RUNPATH_SEARCH_PATHS = "@executable_path/Frameworks";
				"LD_RUNPATH_SEARCH_PATHS[sdk=macosx*]" = "@executable_path/../Frameworks";
				MACOSX_DEPLOYMENT_TARGET = 14.4;
				MARKETING_VERSION = 1.0;
				PRODUCT_BUNDLE_IDENTIFIER = team23.Andlet.daniel;
				PRODUCT_NAME = "$(TARGET_NAME)";
				SDKROOT = auto;
				SUPPORTED_PLATFORMS = "iphoneos iphonesimulator macosx";
				SWIFT_EMIT_LOC_STRINGS = YES;
				SWIFT_VERSION = 5.0;
				TARGETED_DEVICE_FAMILY = "1,2";
			};
			name = Release;
		};
		9C13698A2C9E30A20000B55C /* Debug */ = {
			isa = XCBuildConfiguration;
			buildSettings = {
				ALWAYS_EMBED_SWIFT_STANDARD_LIBRARIES = YES;
				BUNDLE_LOADER = "$(TEST_HOST)";
				CODE_SIGN_STYLE = Automatic;
				CURRENT_PROJECT_VERSION = 1;
				DEVELOPMENT_TEAM = 62CHFB9B3W;
				GENERATE_INFOPLIST_FILE = YES;
				IPHONEOS_DEPLOYMENT_TARGET = 17.5;
				MACOSX_DEPLOYMENT_TARGET = 14.4;
				MARKETING_VERSION = 1.0;
				PRODUCT_BUNDLE_IDENTIFIER = team23.AndletTests;
				PRODUCT_NAME = "$(TARGET_NAME)";
				SDKROOT = auto;
				SUPPORTED_PLATFORMS = "iphoneos iphonesimulator macosx";
				SWIFT_EMIT_LOC_STRINGS = NO;
				SWIFT_VERSION = 5.0;
				TARGETED_DEVICE_FAMILY = "1,2";
				TEST_HOST = "$(BUILT_PRODUCTS_DIR)/Andlet.app/$(BUNDLE_EXECUTABLE_FOLDER_PATH)/Andlet";
			};
			name = Debug;
		};
		9C13698B2C9E30A20000B55C /* Release */ = {
			isa = XCBuildConfiguration;
			buildSettings = {
				ALWAYS_EMBED_SWIFT_STANDARD_LIBRARIES = YES;
				BUNDLE_LOADER = "$(TEST_HOST)";
				CODE_SIGN_STYLE = Automatic;
				CURRENT_PROJECT_VERSION = 1;
				DEVELOPMENT_TEAM = 62CHFB9B3W;
				GENERATE_INFOPLIST_FILE = YES;
				IPHONEOS_DEPLOYMENT_TARGET = 17.5;
				MACOSX_DEPLOYMENT_TARGET = 14.4;
				MARKETING_VERSION = 1.0;
				PRODUCT_BUNDLE_IDENTIFIER = team23.AndletTests;
				PRODUCT_NAME = "$(TARGET_NAME)";
				SDKROOT = auto;
				SUPPORTED_PLATFORMS = "iphoneos iphonesimulator macosx";
				SWIFT_EMIT_LOC_STRINGS = NO;
				SWIFT_VERSION = 5.0;
				TARGETED_DEVICE_FAMILY = "1,2";
				TEST_HOST = "$(BUILT_PRODUCTS_DIR)/Andlet.app/$(BUNDLE_EXECUTABLE_FOLDER_PATH)/Andlet";
			};
			name = Release;
		};
		9C13698D2C9E30A20000B55C /* Debug */ = {
			isa = XCBuildConfiguration;
			buildSettings = {
				ALWAYS_EMBED_SWIFT_STANDARD_LIBRARIES = YES;
				CODE_SIGN_STYLE = Automatic;
				CURRENT_PROJECT_VERSION = 1;
				DEVELOPMENT_TEAM = 62CHFB9B3W;
				GENERATE_INFOPLIST_FILE = YES;
				IPHONEOS_DEPLOYMENT_TARGET = 17.5;
				MACOSX_DEPLOYMENT_TARGET = 14.4;
				MARKETING_VERSION = 1.0;
				PRODUCT_BUNDLE_IDENTIFIER = team23.AndletUITests;
				PRODUCT_NAME = "$(TARGET_NAME)";
				SDKROOT = auto;
				SUPPORTED_PLATFORMS = "iphoneos iphonesimulator macosx";
				SWIFT_EMIT_LOC_STRINGS = NO;
				SWIFT_VERSION = 5.0;
				TARGETED_DEVICE_FAMILY = "1,2";
				TEST_TARGET_NAME = Andlet;
			};
			name = Debug;
		};
		9C13698E2C9E30A20000B55C /* Release */ = {
			isa = XCBuildConfiguration;
			buildSettings = {
				ALWAYS_EMBED_SWIFT_STANDARD_LIBRARIES = YES;
				CODE_SIGN_STYLE = Automatic;
				CURRENT_PROJECT_VERSION = 1;
				DEVELOPMENT_TEAM = 62CHFB9B3W;
				GENERATE_INFOPLIST_FILE = YES;
				IPHONEOS_DEPLOYMENT_TARGET = 17.5;
				MACOSX_DEPLOYMENT_TARGET = 14.4;
				MARKETING_VERSION = 1.0;
				PRODUCT_BUNDLE_IDENTIFIER = team23.AndletUITests;
				PRODUCT_NAME = "$(TARGET_NAME)";
				SDKROOT = auto;
				SUPPORTED_PLATFORMS = "iphoneos iphonesimulator macosx";
				SWIFT_EMIT_LOC_STRINGS = NO;
				SWIFT_VERSION = 5.0;
				TARGETED_DEVICE_FAMILY = "1,2";
				TEST_TARGET_NAME = Andlet;
			};
			name = Release;
		};
/* End XCBuildConfiguration section */

/* Begin XCConfigurationList section */
		9C13695C2C9E30A10000B55C /* Build configuration list for PBXProject "Andlet" */ = {
			isa = XCConfigurationList;
			buildConfigurations = (
				9C1369842C9E30A20000B55C /* Debug */,
				9C1369852C9E30A20000B55C /* Release */,
			);
			defaultConfigurationIsVisible = 0;
			defaultConfigurationName = Release;
		};
		9C1369862C9E30A20000B55C /* Build configuration list for PBXNativeTarget "Andlet" */ = {
			isa = XCConfigurationList;
			buildConfigurations = (
				9C1369872C9E30A20000B55C /* Debug */,
				9C1369882C9E30A20000B55C /* Release */,
			);
			defaultConfigurationIsVisible = 0;
			defaultConfigurationName = Release;
		};
		9C1369892C9E30A20000B55C /* Build configuration list for PBXNativeTarget "AndletTests" */ = {
			isa = XCConfigurationList;
			buildConfigurations = (
				9C13698A2C9E30A20000B55C /* Debug */,
				9C13698B2C9E30A20000B55C /* Release */,
			);
			defaultConfigurationIsVisible = 0;
			defaultConfigurationName = Release;
		};
		9C13698C2C9E30A20000B55C /* Build configuration list for PBXNativeTarget "AndletUITests" */ = {
			isa = XCConfigurationList;
			buildConfigurations = (
				9C13698D2C9E30A20000B55C /* Debug */,
				9C13698E2C9E30A20000B55C /* Release */,
			);
			defaultConfigurationIsVisible = 0;
			defaultConfigurationName = Release;
		};
/* End XCConfigurationList section */

/* Begin XCRemoteSwiftPackageReference section */
		9C1369DA2C9E3FDE0000B55C /* XCRemoteSwiftPackageReference "firebase-ios-sdk" */ = {
			isa = XCRemoteSwiftPackageReference;
			repositoryURL = "https://github.com/firebase/firebase-ios-sdk.git";
			requirement = {
				kind = upToNextMajorVersion;
				minimumVersion = 11.2.0;
			};
		};
		9C1369E52C9E41460000B55C /* XCRemoteSwiftPackageReference "GoogleSignin-IOS" */ = {
			isa = XCRemoteSwiftPackageReference;
			repositoryURL = "https://github.com/google/GoogleSignin-IOS";
			requirement = {
				kind = upToNextMajorVersion;
				minimumVersion = 8.0.0;
			};
		};
/* End XCRemoteSwiftPackageReference section */

/* Begin XCSwiftPackageProductDependency section */
		3781A9AF2CA3A34A000E0B86 /* FirebaseDynamicLinks */ = {
			isa = XCSwiftPackageProductDependency;
			productName = FirebaseDynamicLinks;
		};
		3781A9B12CA3A34A000E0B86 /* FirebaseFirestore */ = {
			isa = XCSwiftPackageProductDependency;
			productName = FirebaseFirestore;
		};
		3781A9B32CA3A34A000E0B86 /* FirebaseFirestoreCombine-Community */ = {
			isa = XCSwiftPackageProductDependency;
			productName = "FirebaseFirestoreCombine-Community";
		};
		9C1369DB2C9E3FDF0000B55C /* FirebaseAnalytics */ = {
			isa = XCSwiftPackageProductDependency;
			package = 9C1369DA2C9E3FDE0000B55C /* XCRemoteSwiftPackageReference "firebase-ios-sdk" */;
			productName = FirebaseAnalytics;
		};
		9C1369DD2C9E3FDF0000B55C /* FirebaseAuth */ = {
			isa = XCSwiftPackageProductDependency;
			package = 9C1369DA2C9E3FDE0000B55C /* XCRemoteSwiftPackageReference "firebase-ios-sdk" */;
			productName = FirebaseAuth;
		};
		9C1369DF2C9E3FDF0000B55C /* FirebaseCrashlytics */ = {
			isa = XCSwiftPackageProductDependency;
			package = 9C1369DA2C9E3FDE0000B55C /* XCRemoteSwiftPackageReference "firebase-ios-sdk" */;
			productName = FirebaseCrashlytics;
		};
		9C1369E12C9E3FDF0000B55C /* FirebaseDatabase */ = {
			isa = XCSwiftPackageProductDependency;
			package = 9C1369DA2C9E3FDE0000B55C /* XCRemoteSwiftPackageReference "firebase-ios-sdk" */;
			productName = FirebaseDatabase;
		};
		9C1369E32C9E3FDF0000B55C /* FirebaseStorage */ = {
			isa = XCSwiftPackageProductDependency;
			package = 9C1369DA2C9E3FDE0000B55C /* XCRemoteSwiftPackageReference "firebase-ios-sdk" */;
			productName = FirebaseStorage;
		};
		9C1369E62C9E41460000B55C /* GoogleSignIn */ = {
			isa = XCSwiftPackageProductDependency;
			package = 9C1369E52C9E41460000B55C /* XCRemoteSwiftPackageReference "GoogleSignin-IOS" */;
			productName = GoogleSignIn;
		};
		9C1369E82C9E41460000B55C /* GoogleSignInSwift */ = {
			isa = XCSwiftPackageProductDependency;
			package = 9C1369E52C9E41460000B55C /* XCRemoteSwiftPackageReference "GoogleSignin-IOS" */;
			productName = GoogleSignInSwift;
		};
/* End XCSwiftPackageProductDependency section */

/* Begin XCVersionGroup section */
		A924F9762CD40CAF00AE2ECB /* CoreData.xcdatamodeld */ = {
			isa = XCVersionGroup;
			children = (
				A924F9772CD40CAF00AE2ECB /* CoreData.xcdatamodel */,
			);
			currentVersion = A924F9772CD40CAF00AE2ECB /* CoreData.xcdatamodel */;
			name = CoreData.xcdatamodeld;
			path = "/Users/thaistamaio/Library/Mobile Documents/com~apple~CloudDocs/universidad/9) Noveno semestre/Móviles/AndletSwift/Andlet/Andlet/CoreData.xcdatamodeld";
			sourceTree = "<group>";
			versionGroupType = wrapper.xcdatamodel;
		};
/* End XCVersionGroup section */
	};
	rootObject = 9C1369592C9E30A10000B55C /* Project object */;
}
